
Microsoft Visual Studio Solution File, Format Version 12.00
# Visual Studio 2012
Project("{FAE04EC0-301F-11D3-BF4B-00C04F79EFBC}") = "Microsoft.Activities.Extensions.NET40", "Microsoft.Activities.Extensions\Microsoft.Activities.Extensions.NET40.csproj", "{B8255585-6B65-4571-B398-DB0733F34F08}"
EndProject
Project("{2150E333-8FDC-42A3-9474-1A3956D46DE8}") = "Solution Items", "Solution Items", "{D3EE07C7-12E6-4CFE-87A3-38BFB3AE30AC}"
	ProjectSection(SolutionItems) = preProject
		codecoverage.testsettings = codecoverage.testsettings
		Local.testsettings = Local.testsettings
		Microsoft.Activities.Extensions.vsmdi = Microsoft.Activities.Extensions.vsmdi
		TraceAndTestImpact.testsettings = TraceAndTestImpact.testsettings
	EndProjectSection
EndProject
Project("{2150E333-8FDC-42A3-9474-1A3956D46DE8}") = "Examples", "Examples", "{941FBA67-99CE-439E-8E34-D2DEA8E25CE0}"
EndProject
Project("{2150E333-8FDC-42A3-9474-1A3956D46DE8}") = "XamlAssemblyResolution", "XamlAssemblyResolution", "{7CE3D194-93D5-49F4-8E23-1CBE0C36BBF1}"
EndProject
Project("{FAE04EC0-301F-11D3-BF4B-00C04F79EFBC}") = "ActivityLibrary1.NET40", "Examples\XAMLAssemblyResolution\ActivityLibrary1\ActivityLibrary1.NET40.csproj", "{D0F53224-D809-4AC0-A7BB-7482CBAD4810}"
EndProject
Project("{FAE04EC0-301F-11D3-BF4B-00C04F79EFBC}") = "CSDocExamples.NET40", "Examples\CSDocExamples\CSDocExamples.NET40.csproj", "{3D7445B3-2CE9-4807-A0F7-24533AC06B97}"
EndProject
Project("{2150E333-8FDC-42A3-9474-1A3956D46DE8}") = "Tests", "Tests", "{2FEC5E3A-E61C-44BE-9C4D-EE92CEEA19C6}"
	ProjectSection(SolutionItems) = preProject
		Tests\VersioningTestCases.xlsx = Tests\VersioningTestCases.xlsx
		Tests\WorkflowApplicationExtensionsTestCases.xlsx = Tests\WorkflowApplicationExtensionsTestCases.xlsx
	EndProjectSection
EndProject
Project("{2150E333-8FDC-42A3-9474-1A3956D46DE8}") = "Test Projects", "Test Projects", "{04608542-FACF-4DD8-82F3-D25EB590794A}"
EndProject
Project("{FAE04EC0-301F-11D3-BF4B-00C04F79EFBC}") = "ActivityLibrary.V1.Unsigned.NET40", "Tests\Test Projects\ActivityLibrary.V1.Unsigned\ActivityLibrary.V1.Unsigned.NET40.csproj", "{1EEADBD1-DC34-4C32-B501-C0F8FB9F89DB}"
EndProject
Project("{FAE04EC0-301F-11D3-BF4B-00C04F79EFBC}") = "ActivityLibrary.V1.NET40", "Tests\Test Projects\ActivityLibrary.V1\ActivityLibrary.V1.NET40.csproj", "{BAFD4472-5951-497E-A772-C458481C0E69}"
	ProjectSection(ProjectDependencies) = postProject
		{5972977D-CC7E-433B-BD97-2D9826E29535} = {5972977D-CC7E-433B-BD97-2D9826E29535}
		{B8255585-6B65-4571-B398-DB0733F34F08} = {B8255585-6B65-4571-B398-DB0733F34F08}
	EndProjectSection
EndProject
Project("{FAE04EC0-301F-11D3-BF4B-00C04F79EFBC}") = "ActivityLibrary.V2.NET40", "Tests\Test Projects\ActivityLibrary.V2\ActivityLibrary.V2.NET40.csproj", "{EC097E54-2C9E-45FE-B5A7-F35B3F2B171B}"
EndProject
Project("{FAE04EC0-301F-11D3-BF4B-00C04F79EFBC}") = "ActivityLibrary.V2.Unsigned.NET40", "Tests\Test Projects\ActivityLibrary.V2.Unsigned\ActivityLibrary.V2.Unsigned.NET40.csproj", "{D638EE84-7F32-4A8F-9EA4-870C4605F681}"
EndProject
Project("{FAE04EC0-301F-11D3-BF4B-00C04F79EFBC}") = "Microsoft.Activities.Extensions.Design.NET40", "Microsoft.Activities.Extensions.Design\Microsoft.Activities.Extensions.Design.NET40.csproj", "{A2FB223E-54DC-4480-895B-2FC0FADF167E}"
EndProject
Project("{FAE04EC0-301F-11D3-BF4B-00C04F79EFBC}") = "TestDesigner.NET40", "Tests\TestDesigner\TestDesigner.NET40.csproj", "{D05EF9B8-97C9-4F44-BF97-57BCCB23C83C}"
EndProject
Project("{FAE04EC0-301F-11D3-BF4B-00C04F79EFBC}") = "Microsoft.Activities.UnitTesting.NET40", "..\Microsoft.Activities.UnitTesting\Microsoft.Activities.UnitTesting\Microsoft.Activities.UnitTesting.NET40.csproj", "{5972977D-CC7E-433B-BD97-2D9826E29535}"
EndProject
Project("{FAE04EC0-301F-11D3-BF4B-00C04F79EFBC}") = "Microsoft.Activities.Extensions.NuGet", "Microsoft.Activities.Extensions.NuGet\Microsoft.Activities.Extensions.NuGet.csproj", "{BC81735D-FF53-4995-97ED-2EC93366BAA6}"
	ProjectSection(ProjectDependencies) = postProject
		{A2FB223E-54DC-4480-895B-2FC0FADF167E} = {A2FB223E-54DC-4480-895B-2FC0FADF167E}
		{B8255585-6B65-4571-B398-DB0733F34F08} = {B8255585-6B65-4571-B398-DB0733F34F08}
	EndProjectSection
EndProject
Project("{FAE04EC0-301F-11D3-BF4B-00C04F79EFBC}") = "Microsoft.Activities.Extensions.Tests.NET40", "Microsoft.Activities.Extensions.Tests\Microsoft.Activities.Extensions.Tests.NET40.csproj", "{0BDA0146-B1BB-4833-8AE2-E40E474F0802}"
EndProject
Project("{FAE04EC0-301F-11D3-BF4B-00C04F79EFBC}") = "WorkflowLibrary.V1.NET40", "Tests\Test Projects\WorkflowLibrary.V1\WorkflowLibrary.V1.NET40.csproj", "{0910B0BD-3057-4914-9019-6D85F69C8A94}"
EndProject
Project("{FAE04EC0-301F-11D3-BF4B-00C04F79EFBC}") = "XAMLAssemblyResolution.NET40", "Examples\XAMLAssemblyResolution\XAMLAssemblyResolution\XAMLAssemblyResolution.NET40.csproj", "{A04F5C77-9387-4C48-8BD7-4BE67CF9798B}"
EndProject
Project("{FAE04EC0-301F-11D3-BF4B-00C04F79EFBC}") = "DynamicLoad.NET40", "Tests\Test Projects\DynamicLoad\DynamicLoad.NET40.csproj", "{8A534AF3-C6D5-4F0C-9E14-2F268D7E1846}"
EndProject
Project("{FAE04EC0-301F-11D3-BF4B-00C04F79EFBC}") = "MathActivities.NET40", "Tests\Test Projects\MathActivities\MathActivities.NET40.csproj", "{73B25E64-9912-4EC6-9F49-8D68C63F7DF7}"
EndProject
Project("{FAE04EC0-301F-11D3-BF4B-00C04F79EFBC}") = "UsingTraceTrackingParticipant.NET40", "Examples\UsingTraceTrackingParticipant\UsingTraceTrackingParticipant.NET40.csproj", "{E97EBC76-E96E-494B-BABA-B5E708A97543}"
EndProject
Project("{2150E333-8FDC-42A3-9474-1A3956D46DE8}") = "Dependencies", "Dependencies", "{ED0965A9-91B0-45CB-937B-B26E84A07357}"
EndProject
Project("{2150E333-8FDC-42A3-9474-1A3956D46DE8}") = "Nuget", "Nuget", "{AF088E85-AB29-420D-A4D6-69CD218340F1}"
EndProject
Project("{FAE04EC0-301F-11D3-BF4B-00C04F79EFBC}") = "UsingTypedTracking.NET40", "Examples\UsingTypedTracking\UsingTypedTracking.NET40.csproj", "{A8C70A5A-AC5B-4F61-A527-1BBAE40D993E}"
EndProject
Global
	GlobalSection(TeamFoundationVersionControl) = preSolution
		SccNumberOfProjects = 19
		SccEnterpriseProvider = {4CA58AB2-18FA-4F8D-95D4-32DDF27D184C}
		SccTeamFoundationServer = https://tfs.codeplex.com/tfs/tfs07
		SccLocalPath0 = .
		SccProjectUniqueName1 = Microsoft.Activities.Extensions\\Microsoft.Activities.Extensions.NET40.csproj
		SccProjectName1 = Microsoft.Activities.Extensions
		SccLocalPath1 = Microsoft.Activities.Extensions
		SccProjectUniqueName2 = Examples\\XAMLAssemblyResolution\\ActivityLibrary1\\ActivityLibrary1.NET40.csproj
		SccProjectTopLevelParentUniqueName2 = Microsoft.Activities.Extensions.NET40.sln
		SccProjectName2 = Examples/XAMLAssemblyResolution/ActivityLibrary1
		SccLocalPath2 = Examples\\XAMLAssemblyResolution\\ActivityLibrary1
		SccProjectUniqueName3 = Examples\\CSDocExamples\\CSDocExamples.NET40.csproj
		SccProjectTopLevelParentUniqueName3 = Microsoft.Activities.Extensions.NET40.sln
		SccProjectName3 = Examples/CSDocExamples
		SccLocalPath3 = Examples\\CSDocExamples
		SccProjectUniqueName4 = Tests\\Test\u0020Projects\\ActivityLibrary.V1\\ActivityLibrary.V1.NET40.csproj
		SccProjectTopLevelParentUniqueName4 = Microsoft.Activities.Extensions.NET40.sln
		SccProjectName4 = Tests/Test\u0020Projects/ActivityLibrary.V1
		SccLocalPath4 = Tests\\Test\u0020Projects\\ActivityLibrary.V1
		SccProjectUniqueName5 = Tests\\Test\u0020Projects\\ActivityLibrary.V1.Unsigned\\ActivityLibrary.V1.Unsigned.NET40.csproj
		SccProjectTopLevelParentUniqueName5 = Microsoft.Activities.Extensions.NET40.sln
		SccProjectName5 = Tests/Test\u0020Projects/ActivityLibrary.V1.Unsigned
		SccLocalPath5 = Tests\\Test\u0020Projects\\ActivityLibrary.V1.Unsigned
		SccProjectUniqueName6 = Tests\\Test\u0020Projects\\ActivityLibrary.V2\\ActivityLibrary.V2.NET40.csproj
		SccProjectTopLevelParentUniqueName6 = Microsoft.Activities.Extensions.NET40.sln
		SccProjectName6 = Tests/Test\u0020Projects/ActivityLibrary.V2
		SccLocalPath6 = Tests\\Test\u0020Projects\\ActivityLibrary.V2
		SccProjectUniqueName7 = Tests\\Test\u0020Projects\\ActivityLibrary.V2.Unsigned\\ActivityLibrary.V2.Unsigned.NET40.csproj
		SccProjectTopLevelParentUniqueName7 = Microsoft.Activities.Extensions.NET40.sln
		SccProjectName7 = Tests/Test\u0020Projects/ActivityLibrary.V2.Unsigned
		SccLocalPath7 = Tests\\Test\u0020Projects\\ActivityLibrary.V2.Unsigned
		SccProjectUniqueName8 = Microsoft.Activities.Extensions.Design\\Microsoft.Activities.Extensions.Design.NET40.csproj
		SccProjectName8 = Microsoft.Activities.Extensions.Design
		SccLocalPath8 = Microsoft.Activities.Extensions.Design
		SccProjectUniqueName9 = Tests\\TestDesigner\\TestDesigner.NET40.csproj
		SccProjectTopLevelParentUniqueName9 = Microsoft.Activities.Extensions.NET40.sln
		SccProjectName9 = Tests/TestDesigner
		SccLocalPath9 = Tests\\TestDesigner
		SccProjectUniqueName10 = ..\\Microsoft.Activities.UnitTesting\\Microsoft.Activities.UnitTesting\\Microsoft.Activities.UnitTesting.NET40.csproj
		SccProjectTopLevelParentUniqueName10 = Microsoft.Activities.Extensions.NET40.sln
		SccProjectName10 = ../Microsoft.Activities.UnitTesting/Microsoft.Activities.UnitTesting
		SccLocalPath10 = ..\\Microsoft.Activities.UnitTesting\\Microsoft.Activities.UnitTesting
		SccProjectUniqueName11 = Microsoft.Activities.Extensions.Tests\\Microsoft.Activities.Extensions.Tests.NET40.csproj
		SccProjectTopLevelParentUniqueName11 = Microsoft.Activities.Extensions.NET40.sln
		SccProjectName11 = Microsoft.Activities.Extensions.Tests
		SccLocalPath11 = Microsoft.Activities.Extensions.Tests
		SccProjectUniqueName12 = Tests\\Test\u0020Projects\\WorkflowLibrary.V1\\WorkflowLibrary.V1.NET40.csproj
		SccProjectTopLevelParentUniqueName12 = Microsoft.Activities.Extensions.NET40.sln
		SccProjectName12 = Tests/Test\u0020Projects/WorkflowLibrary.V1
		SccLocalPath12 = Tests\\Test\u0020Projects\\WorkflowLibrary.V1
		SccProjectUniqueName13 = Examples\\XAMLAssemblyResolution\\XAMLAssemblyResolution\\XAMLAssemblyResolution.NET40.csproj
		SccProjectTopLevelParentUniqueName13 = Microsoft.Activities.Extensions.NET40.sln
		SccProjectName13 = Examples/XAMLAssemblyResolution/XAMLAssemblyResolution
		SccLocalPath13 = Examples\\XAMLAssemblyResolution\\XAMLAssemblyResolution
		SccProjectUniqueName14 = Tests\\Test\u0020Projects\\DynamicLoad\\DynamicLoad.NET40.csproj
		SccProjectTopLevelParentUniqueName14 = Microsoft.Activities.Extensions.NET40.sln
		SccProjectName14 = Tests/Test\u0020Projects/DynamicLoad
		SccLocalPath14 = Tests\\Test\u0020Projects\\DynamicLoad
		SccProjectUniqueName15 = Tests\\Test\u0020Projects\\MathActivities\\MathActivities.NET40.csproj
		SccProjectTopLevelParentUniqueName15 = Microsoft.Activities.Extensions.NET40.sln
		SccProjectName15 = Tests/Test\u0020Projects/MathActivities
		SccLocalPath15 = Tests\\Test\u0020Projects\\MathActivities
		SccProjectUniqueName16 = Microsoft.Activities.Extensions.NuGet\\Microsoft.Activities.Extensions.NuGet.csproj
		SccProjectTopLevelParentUniqueName16 = Microsoft.Activities.Extensions.NET40.sln
		SccProjectName16 = Microsoft.Activities.Extensions.NuGet
		SccLocalPath16 = Microsoft.Activities.Extensions.NuGet
		SccProjectUniqueName17 = Examples\\UsingTraceTrackingParticipant\\UsingTraceTrackingParticipant.NET40.csproj
		SccProjectTopLevelParentUniqueName17 = Microsoft.Activities.Extensions.NET40.sln
		SccProjectName17 = Examples/UsingTraceTrackingParticipant
		SccLocalPath17 = Examples\\UsingTraceTrackingParticipant
		SccProjectUniqueName18 = Examples\\UsingTypedTracking\\UsingTypedTracking.NET40.csproj
		SccProjectTopLevelParentUniqueName18 = Microsoft.Activities.Extensions.NET40.sln
		SccProjectName18 = Examples/UsingTypedTracking
		SccLocalPath18 = Examples\\UsingTypedTracking
	EndGlobalSection
	GlobalSection(TestCaseManagementSettings) = postSolution
		CategoryFile = Microsoft.Activities.Extensions.vsmdi
	EndGlobalSection
	GlobalSection(SolutionConfigurationPlatforms) = preSolution
		Debug Contracts|Any CPU = Debug Contracts|Any CPU
		Debug Contracts|Mixed Platforms = Debug Contracts|Mixed Platforms
		Debug Contracts|x86 = Debug Contracts|x86
		Debug|Any CPU = Debug|Any CPU
		Debug|Mixed Platforms = Debug|Mixed Platforms
		Debug|x86 = Debug|x86
		Release|Any CPU = Release|Any CPU
		Release|Mixed Platforms = Release|Mixed Platforms
		Release|x86 = Release|x86
	EndGlobalSection
	GlobalSection(ProjectConfigurationPlatforms) = postSolution
		{B8255585-6B65-4571-B398-DB0733F34F08}.Debug Contracts|Any CPU.ActiveCfg = Debug|Any CPU
		{B8255585-6B65-4571-B398-DB0733F34F08}.Debug Contracts|Any CPU.Build.0 = Debug|Any CPU
		{B8255585-6B65-4571-B398-DB0733F34F08}.Debug Contracts|Mixed Platforms.ActiveCfg = Debug|Any CPU
		{B8255585-6B65-4571-B398-DB0733F34F08}.Debug Contracts|Mixed Platforms.Build.0 = Debug|Any CPU
		{B8255585-6B65-4571-B398-DB0733F34F08}.Debug Contracts|x86.ActiveCfg = Debug|Any CPU
		{B8255585-6B65-4571-B398-DB0733F34F08}.Debug|Any CPU.ActiveCfg = Debug|Any CPU
		{B8255585-6B65-4571-B398-DB0733F34F08}.Debug|Any CPU.Build.0 = Debug|Any CPU
		{B8255585-6B65-4571-B398-DB0733F34F08}.Debug|Mixed Platforms.ActiveCfg = Debug|Any CPU
		{B8255585-6B65-4571-B398-DB0733F34F08}.Debug|Mixed Platforms.Build.0 = Debug|Any CPU
		{B8255585-6B65-4571-B398-DB0733F34F08}.Debug|x86.ActiveCfg = Debug|Any CPU
		{B8255585-6B65-4571-B398-DB0733F34F08}.Release|Any CPU.ActiveCfg = Release|Any CPU
		{B8255585-6B65-4571-B398-DB0733F34F08}.Release|Any CPU.Build.0 = Release|Any CPU
		{B8255585-6B65-4571-B398-DB0733F34F08}.Release|Mixed Platforms.ActiveCfg = Release|Any CPU
		{B8255585-6B65-4571-B398-DB0733F34F08}.Release|Mixed Platforms.Build.0 = Release|Any CPU
		{B8255585-6B65-4571-B398-DB0733F34F08}.Release|x86.ActiveCfg = Release|Any CPU
		{D0F53224-D809-4AC0-A7BB-7482CBAD4810}.Debug Contracts|Any CPU.ActiveCfg = Debug|Any CPU
		{D0F53224-D809-4AC0-A7BB-7482CBAD4810}.Debug Contracts|Any CPU.Build.0 = Debug|Any CPU
		{D0F53224-D809-4AC0-A7BB-7482CBAD4810}.Debug Contracts|Mixed Platforms.ActiveCfg = Debug|Any CPU
		{D0F53224-D809-4AC0-A7BB-7482CBAD4810}.Debug Contracts|Mixed Platforms.Build.0 = Debug|Any CPU
		{D0F53224-D809-4AC0-A7BB-7482CBAD4810}.Debug Contracts|x86.ActiveCfg = Debug|Any CPU
		{D0F53224-D809-4AC0-A7BB-7482CBAD4810}.Debug|Any CPU.ActiveCfg = Debug|Any CPU
		{D0F53224-D809-4AC0-A7BB-7482CBAD4810}.Debug|Any CPU.Build.0 = Debug|Any CPU
		{D0F53224-D809-4AC0-A7BB-7482CBAD4810}.Debug|Mixed Platforms.ActiveCfg = Debug|Any CPU
		{D0F53224-D809-4AC0-A7BB-7482CBAD4810}.Debug|Mixed Platforms.Build.0 = Debug|Any CPU
		{D0F53224-D809-4AC0-A7BB-7482CBAD4810}.Debug|x86.ActiveCfg = Debug|Any CPU
		{D0F53224-D809-4AC0-A7BB-7482CBAD4810}.Release|Any CPU.ActiveCfg = Release|Any CPU
		{D0F53224-D809-4AC0-A7BB-7482CBAD4810}.Release|Any CPU.Build.0 = Release|Any CPU
		{D0F53224-D809-4AC0-A7BB-7482CBAD4810}.Release|Mixed Platforms.ActiveCfg = Release|Any CPU
		{D0F53224-D809-4AC0-A7BB-7482CBAD4810}.Release|x86.ActiveCfg = Release|Any CPU
		{3D7445B3-2CE9-4807-A0F7-24533AC06B97}.Debug Contracts|Any CPU.ActiveCfg = Debug|Any CPU
		{3D7445B3-2CE9-4807-A0F7-24533AC06B97}.Debug Contracts|Any CPU.Build.0 = Debug|Any CPU
		{3D7445B3-2CE9-4807-A0F7-24533AC06B97}.Debug Contracts|Mixed Platforms.ActiveCfg = Debug|x86
		{3D7445B3-2CE9-4807-A0F7-24533AC06B97}.Debug Contracts|Mixed Platforms.Build.0 = Debug|x86
		{3D7445B3-2CE9-4807-A0F7-24533AC06B97}.Debug Contracts|x86.ActiveCfg = Debug|x86
		{3D7445B3-2CE9-4807-A0F7-24533AC06B97}.Debug Contracts|x86.Build.0 = Debug|x86
		{3D7445B3-2CE9-4807-A0F7-24533AC06B97}.Debug|Any CPU.ActiveCfg = Debug|x86
		{3D7445B3-2CE9-4807-A0F7-24533AC06B97}.Debug|Mixed Platforms.ActiveCfg = Debug|x86
		{3D7445B3-2CE9-4807-A0F7-24533AC06B97}.Debug|Mixed Platforms.Build.0 = Debug|x86
		{3D7445B3-2CE9-4807-A0F7-24533AC06B97}.Debug|x86.ActiveCfg = Debug|x86
		{3D7445B3-2CE9-4807-A0F7-24533AC06B97}.Debug|x86.Build.0 = Debug|x86
		{3D7445B3-2CE9-4807-A0F7-24533AC06B97}.Release|Any CPU.ActiveCfg = Release|x86
		{3D7445B3-2CE9-4807-A0F7-24533AC06B97}.Release|Mixed Platforms.ActiveCfg = Release|x86
		{3D7445B3-2CE9-4807-A0F7-24533AC06B97}.Release|x86.ActiveCfg = Release|x86
		{3D7445B3-2CE9-4807-A0F7-24533AC06B97}.Release|x86.Build.0 = Release|x86
		{1EEADBD1-DC34-4C32-B501-C0F8FB9F89DB}.Debug Contracts|Any CPU.ActiveCfg = Debug|Any CPU
		{1EEADBD1-DC34-4C32-B501-C0F8FB9F89DB}.Debug Contracts|Any CPU.Build.0 = Debug|Any CPU
		{1EEADBD1-DC34-4C32-B501-C0F8FB9F89DB}.Debug Contracts|Mixed Platforms.ActiveCfg = Debug|Any CPU
		{1EEADBD1-DC34-4C32-B501-C0F8FB9F89DB}.Debug Contracts|Mixed Platforms.Build.0 = Debug|Any CPU
		{1EEADBD1-DC34-4C32-B501-C0F8FB9F89DB}.Debug Contracts|x86.ActiveCfg = Debug|Any CPU
		{1EEADBD1-DC34-4C32-B501-C0F8FB9F89DB}.Debug|Any CPU.ActiveCfg = Debug|Any CPU
		{1EEADBD1-DC34-4C32-B501-C0F8FB9F89DB}.Debug|Any CPU.Build.0 = Debug|Any CPU
		{1EEADBD1-DC34-4C32-B501-C0F8FB9F89DB}.Debug|Mixed Platforms.ActiveCfg = Debug|Any CPU
		{1EEADBD1-DC34-4C32-B501-C0F8FB9F89DB}.Debug|Mixed Platforms.Build.0 = Debug|Any CPU
		{1EEADBD1-DC34-4C32-B501-C0F8FB9F89DB}.Debug|x86.ActiveCfg = Debug|Any CPU
		{1EEADBD1-DC34-4C32-B501-C0F8FB9F89DB}.Release|Any CPU.ActiveCfg = Release|Any CPU
		{1EEADBD1-DC34-4C32-B501-C0F8FB9F89DB}.Release|Any CPU.Build.0 = Release|Any CPU
		{1EEADBD1-DC34-4C32-B501-C0F8FB9F89DB}.Release|Mixed Platforms.ActiveCfg = Release|Any CPU
		{1EEADBD1-DC34-4C32-B501-C0F8FB9F89DB}.Release|x86.ActiveCfg = Release|Any CPU
		{BAFD4472-5951-497E-A772-C458481C0E69}.Debug Contracts|Any CPU.ActiveCfg = Debug|Any CPU
		{BAFD4472-5951-497E-A772-C458481C0E69}.Debug Contracts|Any CPU.Build.0 = Debug|Any CPU
		{BAFD4472-5951-497E-A772-C458481C0E69}.Debug Contracts|Mixed Platforms.ActiveCfg = Debug|Any CPU
		{BAFD4472-5951-497E-A772-C458481C0E69}.Debug Contracts|Mixed Platforms.Build.0 = Debug|Any CPU
		{BAFD4472-5951-497E-A772-C458481C0E69}.Debug Contracts|x86.ActiveCfg = Debug|Any CPU
		{BAFD4472-5951-497E-A772-C458481C0E69}.Debug|Any CPU.ActiveCfg = Debug|Any CPU
		{BAFD4472-5951-497E-A772-C458481C0E69}.Debug|Any CPU.Build.0 = Debug|Any CPU
		{BAFD4472-5951-497E-A772-C458481C0E69}.Debug|Mixed Platforms.ActiveCfg = Debug|Any CPU
		{BAFD4472-5951-497E-A772-C458481C0E69}.Debug|Mixed Platforms.Build.0 = Debug|Any CPU
		{BAFD4472-5951-497E-A772-C458481C0E69}.Debug|x86.ActiveCfg = Debug|Any CPU
		{BAFD4472-5951-497E-A772-C458481C0E69}.Release|Any CPU.ActiveCfg = Release|Any CPU
		{BAFD4472-5951-497E-A772-C458481C0E69}.Release|Any CPU.Build.0 = Release|Any CPU
		{BAFD4472-5951-497E-A772-C458481C0E69}.Release|Mixed Platforms.ActiveCfg = Release|Any CPU
		{BAFD4472-5951-497E-A772-C458481C0E69}.Release|x86.ActiveCfg = Release|Any CPU
		{EC097E54-2C9E-45FE-B5A7-F35B3F2B171B}.Debug Contracts|Any CPU.ActiveCfg = Debug|Any CPU
		{EC097E54-2C9E-45FE-B5A7-F35B3F2B171B}.Debug Contracts|Any CPU.Build.0 = Debug|Any CPU
		{EC097E54-2C9E-45FE-B5A7-F35B3F2B171B}.Debug Contracts|Mixed Platforms.ActiveCfg = Debug|Any CPU
		{EC097E54-2C9E-45FE-B5A7-F35B3F2B171B}.Debug Contracts|Mixed Platforms.Build.0 = Debug|Any CPU
		{EC097E54-2C9E-45FE-B5A7-F35B3F2B171B}.Debug Contracts|x86.ActiveCfg = Debug|Any CPU
		{EC097E54-2C9E-45FE-B5A7-F35B3F2B171B}.Debug|Any CPU.ActiveCfg = Debug|Any CPU
		{EC097E54-2C9E-45FE-B5A7-F35B3F2B171B}.Debug|Any CPU.Build.0 = Debug|Any CPU
		{EC097E54-2C9E-45FE-B5A7-F35B3F2B171B}.Debug|Mixed Platforms.ActiveCfg = Debug|Any CPU
		{EC097E54-2C9E-45FE-B5A7-F35B3F2B171B}.Debug|Mixed Platforms.Build.0 = Debug|Any CPU
		{EC097E54-2C9E-45FE-B5A7-F35B3F2B171B}.Debug|x86.ActiveCfg = Debug|Any CPU
		{EC097E54-2C9E-45FE-B5A7-F35B3F2B171B}.Release|Any CPU.ActiveCfg = Release|Any CPU
		{EC097E54-2C9E-45FE-B5A7-F35B3F2B171B}.Release|Any CPU.Build.0 = Release|Any CPU
		{EC097E54-2C9E-45FE-B5A7-F35B3F2B171B}.Release|Mixed Platforms.ActiveCfg = Release|Any CPU
		{EC097E54-2C9E-45FE-B5A7-F35B3F2B171B}.Release|x86.ActiveCfg = Release|Any CPU
		{D638EE84-7F32-4A8F-9EA4-870C4605F681}.Debug Contracts|Any CPU.ActiveCfg = Debug|Any CPU
		{D638EE84-7F32-4A8F-9EA4-870C4605F681}.Debug Contracts|Any CPU.Build.0 = Debug|Any CPU
		{D638EE84-7F32-4A8F-9EA4-870C4605F681}.Debug Contracts|Mixed Platforms.ActiveCfg = Debug|Any CPU
		{D638EE84-7F32-4A8F-9EA4-870C4605F681}.Debug Contracts|Mixed Platforms.Build.0 = Debug|Any CPU
		{D638EE84-7F32-4A8F-9EA4-870C4605F681}.Debug Contracts|x86.ActiveCfg = Debug|Any CPU
		{D638EE84-7F32-4A8F-9EA4-870C4605F681}.Debug|Any CPU.ActiveCfg = Debug|Any CPU
		{D638EE84-7F32-4A8F-9EA4-870C4605F681}.Debug|Any CPU.Build.0 = Debug|Any CPU
		{D638EE84-7F32-4A8F-9EA4-870C4605F681}.Debug|Mixed Platforms.ActiveCfg = Debug|Any CPU
		{D638EE84-7F32-4A8F-9EA4-870C4605F681}.Debug|Mixed Platforms.Build.0 = Debug|Any CPU
		{D638EE84-7F32-4A8F-9EA4-870C4605F681}.Debug|x86.ActiveCfg = Debug|Any CPU
		{D638EE84-7F32-4A8F-9EA4-870C4605F681}.Release|Any CPU.ActiveCfg = Release|Any CPU
		{D638EE84-7F32-4A8F-9EA4-870C4605F681}.Release|Any CPU.Build.0 = Release|Any CPU
		{D638EE84-7F32-4A8F-9EA4-870C4605F681}.Release|Mixed Platforms.ActiveCfg = Release|Any CPU
		{D638EE84-7F32-4A8F-9EA4-870C4605F681}.Release|x86.ActiveCfg = Release|Any CPU
		{A2FB223E-54DC-4480-895B-2FC0FADF167E}.Debug Contracts|Any CPU.ActiveCfg = Debug|Any CPU
		{A2FB223E-54DC-4480-895B-2FC0FADF167E}.Debug Contracts|Any CPU.Build.0 = Debug|Any CPU
		{A2FB223E-54DC-4480-895B-2FC0FADF167E}.Debug Contracts|Mixed Platforms.ActiveCfg = Debug|Any CPU
		{A2FB223E-54DC-4480-895B-2FC0FADF167E}.Debug Contracts|Mixed Platforms.Build.0 = Debug|Any CPU
		{A2FB223E-54DC-4480-895B-2FC0FADF167E}.Debug Contracts|x86.ActiveCfg = Debug|Any CPU
		{A2FB223E-54DC-4480-895B-2FC0FADF167E}.Debug|Any CPU.ActiveCfg = Debug|Any CPU
		{A2FB223E-54DC-4480-895B-2FC0FADF167E}.Debug|Any CPU.Build.0 = Debug|Any CPU
		{A2FB223E-54DC-4480-895B-2FC0FADF167E}.Debug|Mixed Platforms.ActiveCfg = Debug|Any CPU
		{A2FB223E-54DC-4480-895B-2FC0FADF167E}.Debug|Mixed Platforms.Build.0 = Debug|Any CPU
		{A2FB223E-54DC-4480-895B-2FC0FADF167E}.Debug|x86.ActiveCfg = Debug|Any CPU
		{A2FB223E-54DC-4480-895B-2FC0FADF167E}.Release|Any CPU.ActiveCfg = Release|Any CPU
		{A2FB223E-54DC-4480-895B-2FC0FADF167E}.Release|Any CPU.Build.0 = Release|Any CPU
		{A2FB223E-54DC-4480-895B-2FC0FADF167E}.Release|Mixed Platforms.ActiveCfg = Release|Any CPU
		{A2FB223E-54DC-4480-895B-2FC0FADF167E}.Release|Mixed Platforms.Build.0 = Release|Any CPU
		{A2FB223E-54DC-4480-895B-2FC0FADF167E}.Release|x86.ActiveCfg = Release|Any CPU
		{D05EF9B8-97C9-4F44-BF97-57BCCB23C83C}.Debug Contracts|Any CPU.ActiveCfg = Debug|Any CPU
		{D05EF9B8-97C9-4F44-BF97-57BCCB23C83C}.Debug Contracts|Any CPU.Build.0 = Debug|Any CPU
		{D05EF9B8-97C9-4F44-BF97-57BCCB23C83C}.Debug Contracts|Mixed Platforms.ActiveCfg = Debug|x86
		{D05EF9B8-97C9-4F44-BF97-57BCCB23C83C}.Debug Contracts|Mixed Platforms.Build.0 = Debug|x86
		{D05EF9B8-97C9-4F44-BF97-57BCCB23C83C}.Debug Contracts|x86.ActiveCfg = Debug|x86
		{D05EF9B8-97C9-4F44-BF97-57BCCB23C83C}.Debug Contracts|x86.Build.0 = Debug|x86
		{D05EF9B8-97C9-4F44-BF97-57BCCB23C83C}.Debug|Any CPU.ActiveCfg = Debug|x86
		{D05EF9B8-97C9-4F44-BF97-57BCCB23C83C}.Debug|Mixed Platforms.ActiveCfg = Debug|x86
		{D05EF9B8-97C9-4F44-BF97-57BCCB23C83C}.Debug|Mixed Platforms.Build.0 = Debug|x86
		{D05EF9B8-97C9-4F44-BF97-57BCCB23C83C}.Debug|x86.ActiveCfg = Debug|x86
		{D05EF9B8-97C9-4F44-BF97-57BCCB23C83C}.Debug|x86.Build.0 = Debug|x86
		{D05EF9B8-97C9-4F44-BF97-57BCCB23C83C}.Release|Any CPU.ActiveCfg = Release|x86
		{D05EF9B8-97C9-4F44-BF97-57BCCB23C83C}.Release|Mixed Platforms.ActiveCfg = Release|x86
		{D05EF9B8-97C9-4F44-BF97-57BCCB23C83C}.Release|Mixed Platforms.Build.0 = Release|x86
		{D05EF9B8-97C9-4F44-BF97-57BCCB23C83C}.Release|x86.ActiveCfg = Release|x86
		{D05EF9B8-97C9-4F44-BF97-57BCCB23C83C}.Release|x86.Build.0 = Release|x86
		{5972977D-CC7E-433B-BD97-2D9826E29535}.Debug Contracts|Any CPU.ActiveCfg = Debug|Any CPU
		{5972977D-CC7E-433B-BD97-2D9826E29535}.Debug Contracts|Any CPU.Build.0 = Debug|Any CPU
		{5972977D-CC7E-433B-BD97-2D9826E29535}.Debug Contracts|Mixed Platforms.ActiveCfg = Debug|Any CPU
		{5972977D-CC7E-433B-BD97-2D9826E29535}.Debug Contracts|Mixed Platforms.Build.0 = Debug|Any CPU
		{5972977D-CC7E-433B-BD97-2D9826E29535}.Debug Contracts|x86.ActiveCfg = Debug|Any CPU
		{5972977D-CC7E-433B-BD97-2D9826E29535}.Debug|Any CPU.ActiveCfg = Debug|Any CPU
		{5972977D-CC7E-433B-BD97-2D9826E29535}.Debug|Any CPU.Build.0 = Debug|Any CPU
		{5972977D-CC7E-433B-BD97-2D9826E29535}.Debug|Mixed Platforms.ActiveCfg = Debug|Any CPU
		{5972977D-CC7E-433B-BD97-2D9826E29535}.Debug|Mixed Platforms.Build.0 = Debug|Any CPU
		{5972977D-CC7E-433B-BD97-2D9826E29535}.Debug|x86.ActiveCfg = Debug|Any CPU
		{5972977D-CC7E-433B-BD97-2D9826E29535}.Release|Any CPU.ActiveCfg = Release|Any CPU
		{5972977D-CC7E-433B-BD97-2D9826E29535}.Release|Any CPU.Build.0 = Release|Any CPU
		{5972977D-CC7E-433B-BD97-2D9826E29535}.Release|Mixed Platforms.ActiveCfg = Release|Any CPU
		{5972977D-CC7E-433B-BD97-2D9826E29535}.Release|Mixed Platforms.Build.0 = Release|Any CPU
		{5972977D-CC7E-433B-BD97-2D9826E29535}.Release|x86.ActiveCfg = Release|Any CPU
		{BC81735D-FF53-4995-97ED-2EC93366BAA6}.Debug Contracts|Any CPU.ActiveCfg = Debug Contracts|Any CPU
		{BC81735D-FF53-4995-97ED-2EC93366BAA6}.Debug Contracts|Any CPU.Build.0 = Debug Contracts|Any CPU
		{BC81735D-FF53-4995-97ED-2EC93366BAA6}.Debug Contracts|Mixed Platforms.ActiveCfg = Debug Contracts|Any CPU
		{BC81735D-FF53-4995-97ED-2EC93366BAA6}.Debug Contracts|Mixed Platforms.Build.0 = Debug Contracts|Any CPU
		{BC81735D-FF53-4995-97ED-2EC93366BAA6}.Debug Contracts|x86.ActiveCfg = Debug Contracts|Any CPU
		{BC81735D-FF53-4995-97ED-2EC93366BAA6}.Debug|Any CPU.ActiveCfg = Debug|Any CPU
		{BC81735D-FF53-4995-97ED-2EC93366BAA6}.Debug|Any CPU.Build.0 = Debug|Any CPU
		{BC81735D-FF53-4995-97ED-2EC93366BAA6}.Debug|Mixed Platforms.ActiveCfg = Debug|Any CPU
		{BC81735D-FF53-4995-97ED-2EC93366BAA6}.Debug|Mixed Platforms.Build.0 = Debug|Any CPU
		{BC81735D-FF53-4995-97ED-2EC93366BAA6}.Debug|x86.ActiveCfg = Debug|Any CPU
		{BC81735D-FF53-4995-97ED-2EC93366BAA6}.Release|Any CPU.ActiveCfg = Release|Any CPU
		{BC81735D-FF53-4995-97ED-2EC93366BAA6}.Release|Any CPU.Build.0 = Release|Any CPU
		{BC81735D-FF53-4995-97ED-2EC93366BAA6}.Release|Mixed Platforms.ActiveCfg = Release|Any CPU
		{BC81735D-FF53-4995-97ED-2EC93366BAA6}.Release|x86.ActiveCfg = Release|Any CPU
		{0BDA0146-B1BB-4833-8AE2-E40E474F0802}.Debug Contracts|Any CPU.ActiveCfg = Debug|Any CPU
		{0BDA0146-B1BB-4833-8AE2-E40E474F0802}.Debug Contracts|Any CPU.Build.0 = Debug|Any CPU
		{0BDA0146-B1BB-4833-8AE2-E40E474F0802}.Debug Contracts|Mixed Platforms.ActiveCfg = Debug|Any CPU
		{0BDA0146-B1BB-4833-8AE2-E40E474F0802}.Debug Contracts|Mixed Platforms.Build.0 = Debug|Any CPU
		{0BDA0146-B1BB-4833-8AE2-E40E474F0802}.Debug Contracts|x86.ActiveCfg = Debug|Any CPU
		{0BDA0146-B1BB-4833-8AE2-E40E474F0802}.Debug|Any CPU.ActiveCfg = Debug|Any CPU
		{0BDA0146-B1BB-4833-8AE2-E40E474F0802}.Debug|Any CPU.Build.0 = Debug|Any CPU
		{0BDA0146-B1BB-4833-8AE2-E40E474F0802}.Debug|Mixed Platforms.ActiveCfg = Debug|Any CPU
		{0BDA0146-B1BB-4833-8AE2-E40E474F0802}.Debug|Mixed Platforms.Build.0 = Debug|Any CPU
		{0BDA0146-B1BB-4833-8AE2-E40E474F0802}.Debug|x86.ActiveCfg = Debug|Any CPU
		{0BDA0146-B1BB-4833-8AE2-E40E474F0802}.Release|Any CPU.ActiveCfg = Release|Any CPU
		{0BDA0146-B1BB-4833-8AE2-E40E474F0802}.Release|Any CPU.Build.0 = Release|Any CPU
		{0BDA0146-B1BB-4833-8AE2-E40E474F0802}.Release|Mixed Platforms.ActiveCfg = Release|Any CPU
		{0BDA0146-B1BB-4833-8AE2-E40E474F0802}.Release|Mixed Platforms.Build.0 = Release|Any CPU
		{0BDA0146-B1BB-4833-8AE2-E40E474F0802}.Release|x86.ActiveCfg = Release|Any CPU
		{0910B0BD-3057-4914-9019-6D85F69C8A94}.Debug Contracts|Any CPU.ActiveCfg = Debug|Any CPU
		{0910B0BD-3057-4914-9019-6D85F69C8A94}.Debug Contracts|Any CPU.Build.0 = Debug|Any CPU
		{0910B0BD-3057-4914-9019-6D85F69C8A94}.Debug Contracts|Mixed Platforms.ActiveCfg = Debug|Any CPU
		{0910B0BD-3057-4914-9019-6D85F69C8A94}.Debug Contracts|Mixed Platforms.Build.0 = Debug|Any CPU
		{0910B0BD-3057-4914-9019-6D85F69C8A94}.Debug Contracts|x86.ActiveCfg = Debug|Any CPU
		{0910B0BD-3057-4914-9019-6D85F69C8A94}.Debug|Any CPU.ActiveCfg = Debug|Any CPU
		{0910B0BD-3057-4914-9019-6D85F69C8A94}.Debug|Any CPU.Build.0 = Debug|Any CPU
		{0910B0BD-3057-4914-9019-6D85F69C8A94}.Debug|Mixed Platforms.ActiveCfg = Debug|Any CPU
		{0910B0BD-3057-4914-9019-6D85F69C8A94}.Debug|Mixed Platforms.Build.0 = Debug|Any CPU
		{0910B0BD-3057-4914-9019-6D85F69C8A94}.Debug|x86.ActiveCfg = Debug|Any CPU
		{0910B0BD-3057-4914-9019-6D85F69C8A94}.Release|Any CPU.ActiveCfg = Release|Any CPU
		{0910B0BD-3057-4914-9019-6D85F69C8A94}.Release|Any CPU.Build.0 = Release|Any CPU
		{0910B0BD-3057-4914-9019-6D85F69C8A94}.Release|Mixed Platforms.ActiveCfg = Release|Any CPU
		{0910B0BD-3057-4914-9019-6D85F69C8A94}.Release|Mixed Platforms.Build.0 = Release|Any CPU
		{0910B0BD-3057-4914-9019-6D85F69C8A94}.Release|x86.ActiveCfg = Release|Any CPU
		{A04F5C77-9387-4C48-8BD7-4BE67CF9798B}.Debug Contracts|Any CPU.ActiveCfg = Debug|Any CPU
		{A04F5C77-9387-4C48-8BD7-4BE67CF9798B}.Debug Contracts|Any CPU.Build.0 = Debug|Any CPU
		{A04F5C77-9387-4C48-8BD7-4BE67CF9798B}.Debug Contracts|Mixed Platforms.ActiveCfg = Debug|x86
		{A04F5C77-9387-4C48-8BD7-4BE67CF9798B}.Debug Contracts|Mixed Platforms.Build.0 = Debug|x86
		{A04F5C77-9387-4C48-8BD7-4BE67CF9798B}.Debug Contracts|x86.ActiveCfg = Debug|x86
		{A04F5C77-9387-4C48-8BD7-4BE67CF9798B}.Debug Contracts|x86.Build.0 = Debug|x86
		{A04F5C77-9387-4C48-8BD7-4BE67CF9798B}.Debug|Any CPU.ActiveCfg = Debug|x86
		{A04F5C77-9387-4C48-8BD7-4BE67CF9798B}.Debug|Mixed Platforms.ActiveCfg = Debug|x86
		{A04F5C77-9387-4C48-8BD7-4BE67CF9798B}.Debug|Mixed Platforms.Build.0 = Debug|x86
		{A04F5C77-9387-4C48-8BD7-4BE67CF9798B}.Debug|x86.ActiveCfg = Debug|x86
		{A04F5C77-9387-4C48-8BD7-4BE67CF9798B}.Debug|x86.Build.0 = Debug|x86
		{A04F5C77-9387-4C48-8BD7-4BE67CF9798B}.Release|Any CPU.ActiveCfg = Release|x86
		{A04F5C77-9387-4C48-8BD7-4BE67CF9798B}.Release|Mixed Platforms.ActiveCfg = Release|x86
		{A04F5C77-9387-4C48-8BD7-4BE67CF9798B}.Release|Mixed Platforms.Build.0 = Release|x86
		{A04F5C77-9387-4C48-8BD7-4BE67CF9798B}.Release|x86.ActiveCfg = Release|x86
		{A04F5C77-9387-4C48-8BD7-4BE67CF9798B}.Release|x86.Build.0 = Release|x86
		{8A534AF3-C6D5-4F0C-9E14-2F268D7E1846}.Debug Contracts|Any CPU.ActiveCfg = Debug|Any CPU
		{8A534AF3-C6D5-4F0C-9E14-2F268D7E1846}.Debug Contracts|Any CPU.Build.0 = Debug|Any CPU
		{8A534AF3-C6D5-4F0C-9E14-2F268D7E1846}.Debug Contracts|Mixed Platforms.ActiveCfg = Debug|Any CPU
		{8A534AF3-C6D5-4F0C-9E14-2F268D7E1846}.Debug Contracts|Mixed Platforms.Build.0 = Debug|Any CPU
		{8A534AF3-C6D5-4F0C-9E14-2F268D7E1846}.Debug Contracts|x86.ActiveCfg = Debug|Any CPU
		{8A534AF3-C6D5-4F0C-9E14-2F268D7E1846}.Debug|Any CPU.ActiveCfg = Debug|Any CPU
		{8A534AF3-C6D5-4F0C-9E14-2F268D7E1846}.Debug|Any CPU.Build.0 = Debug|Any CPU
		{8A534AF3-C6D5-4F0C-9E14-2F268D7E1846}.Debug|Mixed Platforms.ActiveCfg = Debug|Any CPU
		{8A534AF3-C6D5-4F0C-9E14-2F268D7E1846}.Debug|Mixed Platforms.Build.0 = Debug|Any CPU
		{8A534AF3-C6D5-4F0C-9E14-2F268D7E1846}.Debug|x86.ActiveCfg = Debug|Any CPU
		{8A534AF3-C6D5-4F0C-9E14-2F268D7E1846}.Release|Any CPU.ActiveCfg = Release|Any CPU
		{8A534AF3-C6D5-4F0C-9E14-2F268D7E1846}.Release|Any CPU.Build.0 = Release|Any CPU
		{8A534AF3-C6D5-4F0C-9E14-2F268D7E1846}.Release|Mixed Platforms.ActiveCfg = Release|Any CPU
		{8A534AF3-C6D5-4F0C-9E14-2F268D7E1846}.Release|x86.ActiveCfg = Release|Any CPU
		{73B25E64-9912-4EC6-9F49-8D68C63F7DF7}.Debug Contracts|Any CPU.ActiveCfg = Debug|Any CPU
		{73B25E64-9912-4EC6-9F49-8D68C63F7DF7}.Debug Contracts|Any CPU.Build.0 = Debug|Any CPU
		{73B25E64-9912-4EC6-9F49-8D68C63F7DF7}.Debug Contracts|Mixed Platforms.ActiveCfg = Debug|Any CPU
		{73B25E64-9912-4EC6-9F49-8D68C63F7DF7}.Debug Contracts|Mixed Platforms.Build.0 = Debug|Any CPU
		{73B25E64-9912-4EC6-9F49-8D68C63F7DF7}.Debug Contracts|x86.ActiveCfg = Debug|Any CPU
		{73B25E64-9912-4EC6-9F49-8D68C63F7DF7}.Debug|Any CPU.ActiveCfg = Debug|Any CPU
		{73B25E64-9912-4EC6-9F49-8D68C63F7DF7}.Debug|Any CPU.Build.0 = Debug|Any CPU
		{73B25E64-9912-4EC6-9F49-8D68C63F7DF7}.Debug|Mixed Platforms.ActiveCfg = Debug|Any CPU
		{73B25E64-9912-4EC6-9F49-8D68C63F7DF7}.Debug|Mixed Platforms.Build.0 = Debug|Any CPU
		{73B25E64-9912-4EC6-9F49-8D68C63F7DF7}.Debug|x86.ActiveCfg = Debug|Any CPU
		{73B25E64-9912-4EC6-9F49-8D68C63F7DF7}.Release|Any CPU.ActiveCfg = Release|Any CPU
		{73B25E64-9912-4EC6-9F49-8D68C63F7DF7}.Release|Any CPU.Build.0 = Release|Any CPU
		{73B25E64-9912-4EC6-9F49-8D68C63F7DF7}.Release|Mixed Platforms.ActiveCfg = Release|Any CPU
		{73B25E64-9912-4EC6-9F49-8D68C63F7DF7}.Release|x86.ActiveCfg = Release|Any CPU
		{E97EBC76-E96E-494B-BABA-B5E708A97543}.Debug Contracts|Any CPU.ActiveCfg = Debug|x86
		{E97EBC76-E96E-494B-BABA-B5E708A97543}.Debug Contracts|Mixed Platforms.ActiveCfg = Debug|x86
		{E97EBC76-E96E-494B-BABA-B5E708A97543}.Debug Contracts|Mixed Platforms.Build.0 = Debug|x86
		{E97EBC76-E96E-494B-BABA-B5E708A97543}.Debug Contracts|x86.ActiveCfg = Debug|x86
		{E97EBC76-E96E-494B-BABA-B5E708A97543}.Debug Contracts|x86.Build.0 = Debug|x86
		{E97EBC76-E96E-494B-BABA-B5E708A97543}.Debug|Any CPU.ActiveCfg = Debug|x86
		{E97EBC76-E96E-494B-BABA-B5E708A97543}.Debug|Mixed Platforms.ActiveCfg = Debug|x86
		{E97EBC76-E96E-494B-BABA-B5E708A97543}.Debug|Mixed Platforms.Build.0 = Debug|x86
		{E97EBC76-E96E-494B-BABA-B5E708A97543}.Debug|x86.ActiveCfg = Debug|x86
		{E97EBC76-E96E-494B-BABA-B5E708A97543}.Debug|x86.Build.0 = Debug|x86
		{E97EBC76-E96E-494B-BABA-B5E708A97543}.Release|Any CPU.ActiveCfg = Release|x86
		{E97EBC76-E96E-494B-BABA-B5E708A97543}.Release|Mixed Platforms.ActiveCfg = Release|x86
		{E97EBC76-E96E-494B-BABA-B5E708A97543}.Release|Mixed Platforms.Build.0 = Release|x86
		{E97EBC76-E96E-494B-BABA-B5E708A97543}.Release|x86.ActiveCfg = Release|x86
		{E97EBC76-E96E-494B-BABA-B5E708A97543}.Release|x86.Build.0 = Release|x86
		{A8C70A5A-AC5B-4F61-A527-1BBAE40D993E}.Debug Contracts|Any CPU.ActiveCfg = Debug Contracts|Any CPU
		{A8C70A5A-AC5B-4F61-A527-1BBAE40D993E}.Debug Contracts|Any CPU.Build.0 = Debug Contracts|Any CPU
		{A8C70A5A-AC5B-4F61-A527-1BBAE40D993E}.Debug Contracts|Mixed Platforms.ActiveCfg = Debug Contracts|x86
		{A8C70A5A-AC5B-4F61-A527-1BBAE40D993E}.Debug Contracts|Mixed Platforms.Build.0 = Debug Contracts|x86
		{A8C70A5A-AC5B-4F61-A527-1BBAE40D993E}.Debug Contracts|x86.ActiveCfg = Debug Contracts|x86
		{A8C70A5A-AC5B-4F61-A527-1BBAE40D993E}.Debug Contracts|x86.Build.0 = Debug Contracts|x86
		{A8C70A5A-AC5B-4F61-A527-1BBAE40D993E}.Debug|Any CPU.ActiveCfg = Debug|Any CPU
		{A8C70A5A-AC5B-4F61-A527-1BBAE40D993E}.Debug|Any CPU.Build.0 = Debug|Any CPU
		{A8C70A5A-AC5B-4F61-A527-1BBAE40D993E}.Debug|Mixed Platforms.ActiveCfg = Debug|x86
		{A8C70A5A-AC5B-4F61-A527-1BBAE40D993E}.Debug|Mixed Platforms.Build.0 = Debug|x86
		{A8C70A5A-AC5B-4F61-A527-1BBAE40D993E}.Debug|x86.ActiveCfg = Debug|x86
		{A8C70A5A-AC5B-4F61-A527-1BBAE40D993E}.Debug|x86.Build.0 = Debug|x86
		{A8C70A5A-AC5B-4F61-A527-1BBAE40D993E}.Release|Any CPU.ActiveCfg = Release|Any CPU
		{A8C70A5A-AC5B-4F61-A527-1BBAE40D993E}.Release|Any CPU.Build.0 = Release|Any CPU
		{A8C70A5A-AC5B-4F61-A527-1BBAE40D993E}.Release|Mixed Platforms.ActiveCfg = Release|x86
		{A8C70A5A-AC5B-4F61-A527-1BBAE40D993E}.Release|Mixed Platforms.Build.0 = Release|x86
		{A8C70A5A-AC5B-4F61-A527-1BBAE40D993E}.Release|x86.ActiveCfg = Release|x86
		{A8C70A5A-AC5B-4F61-A527-1BBAE40D993E}.Release|x86.Build.0 = Release|x86
	EndGlobalSection
	GlobalSection(SolutionProperties) = preSolution
		HideSolutionNode = FALSE
	EndGlobalSection
	GlobalSection(NestedProjects) = preSolution
		{7CE3D194-93D5-49F4-8E23-1CBE0C36BBF1} = {941FBA67-99CE-439E-8E34-D2DEA8E25CE0}
		{3D7445B3-2CE9-4807-A0F7-24533AC06B97} = {941FBA67-99CE-439E-8E34-D2DEA8E25CE0}
		{E97EBC76-E96E-494B-BABA-B5E708A97543} = {941FBA67-99CE-439E-8E34-D2DEA8E25CE0}
		{A8C70A5A-AC5B-4F61-A527-1BBAE40D993E} = {941FBA67-99CE-439E-8E34-D2DEA8E25CE0}
		{D0F53224-D809-4AC0-A7BB-7482CBAD4810} = {7CE3D194-93D5-49F4-8E23-1CBE0C36BBF1}
		{A04F5C77-9387-4C48-8BD7-4BE67CF9798B} = {7CE3D194-93D5-49F4-8E23-1CBE0C36BBF1}
		{04608542-FACF-4DD8-82F3-D25EB590794A} = {2FEC5E3A-E61C-44BE-9C4D-EE92CEEA19C6}
		{D05EF9B8-97C9-4F44-BF97-57BCCB23C83C} = {2FEC5E3A-E61C-44BE-9C4D-EE92CEEA19C6}
		{0BDA0146-B1BB-4833-8AE2-E40E474F0802} = {2FEC5E3A-E61C-44BE-9C4D-EE92CEEA19C6}
		{1EEADBD1-DC34-4C32-B501-C0F8FB9F89DB} = {04608542-FACF-4DD8-82F3-D25EB590794A}
		{BAFD4472-5951-497E-A772-C458481C0E69} = {04608542-FACF-4DD8-82F3-D25EB590794A}
		{EC097E54-2C9E-45FE-B5A7-F35B3F2B171B} = {04608542-FACF-4DD8-82F3-D25EB590794A}
		{D638EE84-7F32-4A8F-9EA4-870C4605F681} = {04608542-FACF-4DD8-82F3-D25EB590794A}
		{0910B0BD-3057-4914-9019-6D85F69C8A94} = {04608542-FACF-4DD8-82F3-D25EB590794A}
		{8A534AF3-C6D5-4F0C-9E14-2F268D7E1846} = {04608542-FACF-4DD8-82F3-D25EB590794A}
		{73B25E64-9912-4EC6-9F49-8D68C63F7DF7} = {04608542-FACF-4DD8-82F3-D25EB590794A}
		{5972977D-CC7E-433B-BD97-2D9826E29535} = {ED0965A9-91B0-45CB-937B-B26E84A07357}
		{BC81735D-FF53-4995-97ED-2EC93366BAA6} = {AF088E85-AB29-420D-A4D6-69CD218340F1}
	EndGlobalSection
EndGlobal
