
Microsoft Visual Studio Solution File, Format Version 12.00
# Visual Studio 2012
Project("{2150E333-8FDC-42A3-9474-1A3956D46DE8}") = "Solution Items", "Solution Items", "{D3EE07C7-12E6-4CFE-87A3-38BFB3AE30AC}"
	ProjectSection(SolutionItems) = preProject
		codecoverage.testsettings = codecoverage.testsettings
		Local.testsettings = Local.testsettings
		Microsoft.Activities.Extensions.vsmdi = Microsoft.Activities.Extensions.vsmdi
		TraceAndTestImpact.testsettings = TraceAndTestImpact.testsettings
	EndProjectSection
EndProject
Project("{2150E333-8FDC-42A3-9474-1A3956D46DE8}") = "Examples", "Examples", "{941FBA67-99CE-439E-8E34-D2DEA8E25CE0}"
EndProject
Project("{2150E333-8FDC-42A3-9474-1A3956D46DE8}") = "XamlAssemblyResolution", "XamlAssemblyResolution", "{7CE3D194-93D5-49F4-8E23-1CBE0C36BBF1}"
EndProject
Project("{FAE04EC0-301F-11D3-BF4B-00C04F79EFBC}") = "ActivityLibrary1.NET401", "Examples\XAMLAssemblyResolution\ActivityLibrary1\ActivityLibrary1.NET401.csproj", "{D0F53224-D809-4AC0-A7BB-7482CBAD4810}"
EndProject
Project("{2150E333-8FDC-42A3-9474-1A3956D46DE8}") = "Tests", "Tests", "{2FEC5E3A-E61C-44BE-9C4D-EE92CEEA19C6}"
	ProjectSection(SolutionItems) = preProject
		Tests\VersioningTestCases.xlsx = Tests\VersioningTestCases.xlsx
		Tests\WorkflowApplicationExtensionsTestCases.xlsx = Tests\WorkflowApplicationExtensionsTestCases.xlsx
	EndProjectSection
EndProject
Project("{2150E333-8FDC-42A3-9474-1A3956D46DE8}") = "Test Projects", "Test Projects", "{04608542-FACF-4DD8-82F3-D25EB590794A}"
EndProject
Project("{FAE04EC0-301F-11D3-BF4B-00C04F79EFBC}") = "Microsoft.Activities.UnitTesting.NET401", "..\Microsoft.Activities.UnitTesting\Microsoft.Activities.UnitTesting\Microsoft.Activities.UnitTesting.NET401.csproj", "{4D900C50-EC6F-4056-BC9B-5EABE57FB8D3}"
EndProject
Project("{FAE04EC0-301F-11D3-BF4B-00C04F79EFBC}") = "Microsoft.Activities.Extensions.Tests.NET401", "Microsoft.Activities.Extensions.Tests\Microsoft.Activities.Extensions.Tests.NET401.csproj", "{D124FD1F-E2C3-4AD4-8926-04DC8E585918}"
	ProjectSection(ProjectDependencies) = postProject
		{A3E25409-5C8D-4BF8-97CC-A8FDB5014E04} = {A3E25409-5C8D-4BF8-97CC-A8FDB5014E04}
	EndProjectSection
EndProject
Project("{FAE04EC0-301F-11D3-BF4B-00C04F79EFBC}") = "Microsoft.Activities.Extensions.Design.NET401", "Microsoft.Activities.Extensions.Design\Microsoft.Activities.Extensions.Design.NET401.csproj", "{985A8BE0-9B8C-4DFE-86F6-71E959417432}"
EndProject
Project("{FAE04EC0-301F-11D3-BF4B-00C04F79EFBC}") = "Microsoft.Activities.Extensions.NET401", "Microsoft.Activities.Extensions\Microsoft.Activities.Extensions.NET401.csproj", "{CD2C29FC-7D93-4EBD-AF64-31601D1F8247}"
EndProject
Project("{FAE04EC0-301F-11D3-BF4B-00C04F79EFBC}") = "WorkflowLibrary.V1.NET401", "Tests\Test Projects\WorkflowLibrary.V1\WorkflowLibrary.V1.NET401.csproj", "{6E9CA6EA-A776-4EF9-99CB-9DE834DEEDFC}"
EndProject
Project("{FAE04EC0-301F-11D3-BF4B-00C04F79EFBC}") = "ActivityLibrary.V2.Unsigned.NET401", "Tests\Test Projects\ActivityLibrary.V2.Unsigned\ActivityLibrary.V2.Unsigned.NET401.csproj", "{0DF41A1E-FB82-4EEB-A741-499814F3CCB0}"
EndProject
Project("{FAE04EC0-301F-11D3-BF4B-00C04F79EFBC}") = "ActivityLibrary.V2.NET401", "Tests\Test Projects\ActivityLibrary.V2\ActivityLibrary.V2.NET401.csproj", "{61670FCA-EC23-462A-9B7B-3A29B4DC52AE}"
EndProject
Project("{FAE04EC0-301F-11D3-BF4B-00C04F79EFBC}") = "ActivityLibrary.V1.Unsigned.NET401", "Tests\Test Projects\ActivityLibrary.V1.Unsigned\ActivityLibrary.V1.Unsigned.NET401.csproj", "{017AF484-8CC3-479D-B7EE-C35D2CD48EAD}"
EndProject
Project("{FAE04EC0-301F-11D3-BF4B-00C04F79EFBC}") = "ActivityLibrary.V1.NET401", "Tests\Test Projects\ActivityLibrary.V1\ActivityLibrary.V1.NET401.csproj", "{A86EE3B7-BE08-4636-BE27-CD8F8E7F2B73}"
EndProject
Project("{FAE04EC0-301F-11D3-BF4B-00C04F79EFBC}") = "TestDesigner.NET401", "Tests\TestDesigner\TestDesigner.NET401.csproj", "{D05EF9B8-97C9-4F44-BF97-57BCCB23C83C}"
EndProject
Project("{FAE04EC0-301F-11D3-BF4B-00C04F79EFBC}") = "UsingTPLWithWorkflowApplication.NET401", "Examples\UsingTPLWithWorkflowApplication\UsingTPLWithWorkflowApplication.NET401.csproj", "{02360433-5C2B-42FA-BD9D-76189AB4596A}"
EndProject
Project("{FAE04EC0-301F-11D3-BF4B-00C04F79EFBC}") = "CSDocExamples.NET401", "Examples\CSDocExamples\CSDocExamples.NET401.csproj", "{1F33CBB1-7F85-407E-8DE1-EE5E932B9FA4}"
EndProject
Project("{FAE04EC0-301F-11D3-BF4B-00C04F79EFBC}") = "XAMLAssemblyResolution.NET401", "Examples\XAMLAssemblyResolution\XAMLAssemblyResolution\XAMLAssemblyResolution.NET401.csproj", "{A04F5C77-9387-4C48-8BD7-4BE67CF9798B}"
EndProject
Project("{FAE04EC0-301F-11D3-BF4B-00C04F79EFBC}") = "Microsoft.Activities.Extensions.NuGet", "Microsoft.Activities.Extensions.NuGet\Microsoft.Activities.Extensions.NuGet.csproj", "{BC81735D-FF53-4995-97ED-2EC93366BAA6}"
	ProjectSection(ProjectDependencies) = postProject
		{4D900C50-EC6F-4056-BC9B-5EABE57FB8D3} = {4D900C50-EC6F-4056-BC9B-5EABE57FB8D3}
		{985A8BE0-9B8C-4DFE-86F6-71E959417432} = {985A8BE0-9B8C-4DFE-86F6-71E959417432}
		{CD2C29FC-7D93-4EBD-AF64-31601D1F8247} = {CD2C29FC-7D93-4EBD-AF64-31601D1F8247}
		{D124FD1F-E2C3-4AD4-8926-04DC8E585918} = {D124FD1F-E2C3-4AD4-8926-04DC8E585918}
	EndProjectSection
EndProject
Project("{FAE04EC0-301F-11D3-BF4B-00C04F79EFBC}") = "DynamicLoad.NET401", "Tests\Test Projects\DynamicLoad\DynamicLoad.NET401.csproj", "{8FEE8F7A-A1EE-4477-B61E-0AE0EB7C23C7}"
EndProject
Project("{FAE04EC0-301F-11D3-BF4B-00C04F79EFBC}") = "MathActivities.NET401", "Tests\Test Projects\MathActivities\MathActivities.NET401.csproj", "{55DE8D86-3229-4385-BFE0-85C1B9A673EC}"
EndProject
Project("{FAE04EC0-301F-11D3-BF4B-00C04F79EFBC}") = "TrackingStateMachineService.NET401", "Examples\TrackingStateMachineService\TrackingStateMachineService.NET401.csproj", "{A3E25409-5C8D-4BF8-97CC-A8FDB5014E04}"
EndProject
Project("{2150E333-8FDC-42A3-9474-1A3956D46DE8}") = "Dependencies", "Dependencies", "{2488D6F2-61FB-4A87-8521-4A5610DCE23A}"
EndProject
Project("{2150E333-8FDC-42A3-9474-1A3956D46DE8}") = "NuGet", "NuGet", "{E240697D-6356-4EF2-8EE1-0F5BAC2B8940}"
EndProject
Project("{FAE04EC0-301F-11D3-BF4B-00C04F79EFBC}") = "UsingTraceTrackingParticipant.NET401", "Examples\UsingTraceTrackingParticipant\UsingTraceTrackingParticipant.NET401.csproj", "{1BA4C6EE-1D8A-4905-8593-D5EF97D61A88}"
EndProject
Project("{FAE04EC0-301F-11D3-BF4B-00C04F79EFBC}") = "UsingTypedTracking.NET401", "Examples\UsingTypedTracking\UsingTypedTracking.NET401.csproj", "{04A9FDE8-88B7-4B99-ABDE-8B1E1358D6FB}"
EndProject
Project("{2150E333-8FDC-42A3-9474-1A3956D46DE8}") = "StateMachine", "StateMachine", "{E8E1B608-FC2F-4263-8194-81B63F69F408}"
EndProject
Project("{2150E333-8FDC-42A3-9474-1A3956D46DE8}") = "Tracking.Windows", "Tracking.Windows", "{FFB449D7-F2AB-47D6-A41A-BE97E55C4BB9}"
EndProject
Project("{FAE04EC0-301F-11D3-BF4B-00C04F79EFBC}") = "Tracking.Windows.Activities", "Examples\StateMachine\Tracking.Windows\Tracking.Windows.Activities\Tracking.Windows.Activities.csproj", "{98EC024C-6439-44B1-8B1E-29E457B2201F}"
EndProject
Project("{FAE04EC0-301F-11D3-BF4B-00C04F79EFBC}") = "Tracking.Windows.Tests", "Examples\StateMachine\Tracking.Windows\Tracking.Windows.Tests\Tracking.Windows.Tests.csproj", "{84084743-00D5-4E80-B0AB-88B5FA01CDD7}"
EndProject
Global
	GlobalSection(TeamFoundationVersionControl) = preSolution
		SccNumberOfProjects = 23
		SccEnterpriseProvider = {4CA58AB2-18FA-4F8D-95D4-32DDF27D184C}
		SccTeamFoundationServer = https://tfs.codeplex.com/tfs/tfs07
		SccLocalPath0 = .
		SccProjectUniqueName1 = Microsoft.Activities.Extensions.Tests\\Microsoft.Activities.Extensions.Tests.NET401.csproj
		SccProjectTopLevelParentUniqueName1 = Microsoft.Activities.Extensions.NET401.sln
		SccProjectName1 = Microsoft.Activities.Extensions.Tests
		SccLocalPath1 = Microsoft.Activities.Extensions.Tests
		SccProjectUniqueName2 = ..\\Microsoft.Activities.UnitTesting\\Microsoft.Activities.UnitTesting\\Microsoft.Activities.UnitTesting.NET401.csproj
		SccProjectTopLevelParentUniqueName2 = Microsoft.Activities.Extensions.NET401.sln
		SccProjectName2 = ../Microsoft.Activities.UnitTesting/Microsoft.Activities.UnitTesting
		SccLocalPath2 = ..\\Microsoft.Activities.UnitTesting\\Microsoft.Activities.UnitTesting
		SccProjectUniqueName3 = Microsoft.Activities.Extensions.Design\\Microsoft.Activities.Extensions.Design.NET401.csproj
		SccProjectName3 = Microsoft.Activities.Extensions.Design
		SccLocalPath3 = Microsoft.Activities.Extensions.Design
		SccProjectUniqueName4 = Microsoft.Activities.Extensions\\Microsoft.Activities.Extensions.NET401.csproj
		SccProjectName4 = Microsoft.Activities.Extensions
		SccLocalPath4 = Microsoft.Activities.Extensions
		SccProjectUniqueName5 = Tests\\Test\u0020Projects\\WorkflowLibrary.V1\\WorkflowLibrary.V1.NET401.csproj
		SccProjectTopLevelParentUniqueName5 = Microsoft.Activities.Extensions.NET401.sln
		SccProjectName5 = Tests/Test\u0020Projects/WorkflowLibrary.V1
		SccLocalPath5 = Tests\\Test\u0020Projects\\WorkflowLibrary.V1
		SccProjectUniqueName6 = Tests\\Test\u0020Projects\\ActivityLibrary.V2.Unsigned\\ActivityLibrary.V2.Unsigned.NET401.csproj
		SccProjectTopLevelParentUniqueName6 = Microsoft.Activities.Extensions.NET401.sln
		SccProjectName6 = Tests/Test\u0020Projects/ActivityLibrary.V2.Unsigned
		SccLocalPath6 = Tests\\Test\u0020Projects\\ActivityLibrary.V2.Unsigned
		SccProjectUniqueName7 = Tests\\Test\u0020Projects\\ActivityLibrary.V2\\ActivityLibrary.V2.NET401.csproj
		SccProjectTopLevelParentUniqueName7 = Microsoft.Activities.Extensions.NET401.sln
		SccProjectName7 = Tests/Test\u0020Projects/ActivityLibrary.V2
		SccLocalPath7 = Tests\\Test\u0020Projects\\ActivityLibrary.V2
		SccProjectUniqueName8 = Tests\\Test\u0020Projects\\ActivityLibrary.V1.Unsigned\\ActivityLibrary.V1.Unsigned.NET401.csproj
		SccProjectTopLevelParentUniqueName8 = Microsoft.Activities.Extensions.NET401.sln
		SccProjectName8 = Tests/Test\u0020Projects/ActivityLibrary.V1.Unsigned
		SccLocalPath8 = Tests\\Test\u0020Projects\\ActivityLibrary.V1.Unsigned
		SccProjectUniqueName9 = Tests\\Test\u0020Projects\\ActivityLibrary.V1\\ActivityLibrary.V1.NET401.csproj
		SccProjectTopLevelParentUniqueName9 = Microsoft.Activities.Extensions.NET401.sln
		SccProjectName9 = Tests/Test\u0020Projects/ActivityLibrary.V1
		SccLocalPath9 = Tests\\Test\u0020Projects\\ActivityLibrary.V1
		SccProjectUniqueName10 = Examples\\UsingTPLWithWorkflowApplication\\UsingTPLWithWorkflowApplication.NET401.csproj
		SccProjectTopLevelParentUniqueName10 = Microsoft.Activities.Extensions.NET401.sln
		SccProjectName10 = Examples/UsingTPLWithWorkflowApplication
		SccLocalPath10 = Examples\\UsingTPLWithWorkflowApplication
		SccProjectUniqueName11 = Examples\\CSDocExamples\\CSDocExamples.NET401.csproj
		SccProjectTopLevelParentUniqueName11 = Microsoft.Activities.Extensions.NET401.sln
		SccProjectName11 = Examples/CSDocExamples
		SccLocalPath11 = Examples\\CSDocExamples
		SccProjectUniqueName12 = Examples\\XAMLAssemblyResolution\\XAMLAssemblyResolution\\XAMLAssemblyResolution.NET401.csproj
		SccProjectTopLevelParentUniqueName12 = Microsoft.Activities.Extensions.NET401.sln
		SccProjectName12 = Examples/XAMLAssemblyResolution/XAMLAssemblyResolution
		SccLocalPath12 = Examples\\XAMLAssemblyResolution\\XAMLAssemblyResolution
		SccProjectUniqueName13 = Microsoft.Activities.Extensions.NuGet\\Microsoft.Activities.Extensions.NuGet.csproj
		SccProjectTopLevelParentUniqueName13 = Microsoft.Activities.Extensions.NET401.sln
		SccProjectName13 = Microsoft.Activities.Extensions.NuGet
		SccLocalPath13 = Microsoft.Activities.Extensions.NuGet
		SccProjectUniqueName14 = Tests\\TestDesigner\\TestDesigner.NET401.csproj
		SccProjectTopLevelParentUniqueName14 = Microsoft.Activities.Extensions.NET401.sln
		SccProjectName14 = Tests/TestDesigner
		SccLocalPath14 = Tests\\TestDesigner
		SccProjectUniqueName15 = Tests\\Test\u0020Projects\\DynamicLoad\\DynamicLoad.NET401.csproj
		SccProjectTopLevelParentUniqueName15 = Microsoft.Activities.Extensions.NET401.sln
		SccProjectName15 = Tests/Test\u0020Projects/DynamicLoad
		SccLocalPath15 = Tests\\Test\u0020Projects\\DynamicLoad
		SccProjectUniqueName16 = Tests\\Test\u0020Projects\\MathActivities\\MathActivities.NET401.csproj
		SccProjectTopLevelParentUniqueName16 = Microsoft.Activities.Extensions.NET401.sln
		SccProjectName16 = Tests/Test\u0020Projects/MathActivities
		SccLocalPath16 = Tests\\Test\u0020Projects\\MathActivities
		SccProjectUniqueName17 = Examples\\XAMLAssemblyResolution\\ActivityLibrary1\\ActivityLibrary1.NET401.csproj
		SccProjectTopLevelParentUniqueName17 = Microsoft.Activities.Extensions.NET401.sln
		SccProjectName17 = Examples/XAMLAssemblyResolution/ActivityLibrary1
		SccLocalPath17 = Examples\\XAMLAssemblyResolution\\ActivityLibrary1
		SccProjectUniqueName18 = Examples\\TrackingStateMachineService\\TrackingStateMachineService.NET401.csproj
		SccProjectTopLevelParentUniqueName18 = Microsoft.Activities.Extensions.NET401.sln
		SccProjectName18 = Examples/TrackingStateMachineService
		SccLocalPath18 = Examples\\TrackingStateMachineService
		SccProjectUniqueName19 = Examples\\UsingTraceTrackingParticipant\\UsingTraceTrackingParticipant.NET401.csproj
		SccProjectTopLevelParentUniqueName19 = Microsoft.Activities.Extensions.NET401.sln
		SccProjectName19 = Examples/UsingTraceTrackingParticipant
		SccLocalPath19 = Examples\\UsingTraceTrackingParticipant
		SccProjectUniqueName20 = Examples\\UsingTypedTracking\\UsingTypedTracking.NET401.csproj
		SccProjectTopLevelParentUniqueName20 = Microsoft.Activities.Extensions.NET401.sln
		SccProjectName20 = Examples/UsingTypedTracking
		SccLocalPath20 = Examples\\UsingTypedTracking
		SccProjectUniqueName21 = Examples\\StateMachine\\Tracking.Windows\\Tracking.Windows.Activities\\Tracking.Windows.Activities.csproj
		SccProjectTopLevelParentUniqueName21 = Microsoft.Activities.Extensions.NET401.sln
		SccProjectName21 = Examples/StateMachine/Tracking.Windows/Tracking.Windows.Activities
		SccLocalPath21 = Examples\\StateMachine\\Tracking.Windows\\Tracking.Windows.Activities
		SccProjectUniqueName22 = Examples\\StateMachine\\Tracking.Windows\\Tracking.Windows.Tests\\Tracking.Windows.Tests.csproj
		SccProjectTopLevelParentUniqueName22 = Microsoft.Activities.Extensions.NET401.sln
		SccProjectName22 = Examples/StateMachine/Tracking.Windows/Tracking.Windows.Tests
		SccLocalPath22 = Examples\\StateMachine\\Tracking.Windows\\Tracking.Windows.Tests
	EndGlobalSection
	GlobalSection(TestCaseManagementSettings) = postSolution
		CategoryFile = Microsoft.Activities.Extensions.vsmdi
	EndGlobalSection
	GlobalSection(SolutionConfigurationPlatforms) = preSolution
		Debug Contracts|Any CPU = Debug Contracts|Any CPU
		Debug Contracts|Mixed Platforms = Debug Contracts|Mixed Platforms
		Debug Contracts|x86 = Debug Contracts|x86
		Debug|Any CPU = Debug|Any CPU
		Debug|Mixed Platforms = Debug|Mixed Platforms
		Debug|x86 = Debug|x86
		Release|Any CPU = Release|Any CPU
		Release|Mixed Platforms = Release|Mixed Platforms
		Release|x86 = Release|x86
	EndGlobalSection
	GlobalSection(ProjectConfigurationPlatforms) = postSolution
		{D0F53224-D809-4AC0-A7BB-7482CBAD4810}.Debug Contracts|Any CPU.ActiveCfg = Debug Contracts|Any CPU
		{D0F53224-D809-4AC0-A7BB-7482CBAD4810}.Debug Contracts|Any CPU.Build.0 = Debug Contracts|Any CPU
		{D0F53224-D809-4AC0-A7BB-7482CBAD4810}.Debug Contracts|Mixed Platforms.ActiveCfg = Debug Contracts|Any CPU
		{D0F53224-D809-4AC0-A7BB-7482CBAD4810}.Debug Contracts|Mixed Platforms.Build.0 = Debug Contracts|Any CPU
		{D0F53224-D809-4AC0-A7BB-7482CBAD4810}.Debug Contracts|x86.ActiveCfg = Debug Contracts|Any CPU
		{D0F53224-D809-4AC0-A7BB-7482CBAD4810}.Debug|Any CPU.ActiveCfg = Debug|Any CPU
		{D0F53224-D809-4AC0-A7BB-7482CBAD4810}.Debug|Any CPU.Build.0 = Debug|Any CPU
		{D0F53224-D809-4AC0-A7BB-7482CBAD4810}.Debug|Mixed Platforms.ActiveCfg = Debug|Any CPU
		{D0F53224-D809-4AC0-A7BB-7482CBAD4810}.Debug|Mixed Platforms.Build.0 = Debug|Any CPU
		{D0F53224-D809-4AC0-A7BB-7482CBAD4810}.Debug|x86.ActiveCfg = Debug|Any CPU
		{D0F53224-D809-4AC0-A7BB-7482CBAD4810}.Release|Any CPU.ActiveCfg = Release|Any CPU
		{D0F53224-D809-4AC0-A7BB-7482CBAD4810}.Release|Any CPU.Build.0 = Release|Any CPU
		{D0F53224-D809-4AC0-A7BB-7482CBAD4810}.Release|Mixed Platforms.ActiveCfg = Release|Any CPU
		{D0F53224-D809-4AC0-A7BB-7482CBAD4810}.Release|Mixed Platforms.Build.0 = Release|Any CPU
		{D0F53224-D809-4AC0-A7BB-7482CBAD4810}.Release|x86.ActiveCfg = Release|Any CPU
		{4D900C50-EC6F-4056-BC9B-5EABE57FB8D3}.Debug Contracts|Any CPU.ActiveCfg = Debug Contracts|Any CPU
		{4D900C50-EC6F-4056-BC9B-5EABE57FB8D3}.Debug Contracts|Any CPU.Build.0 = Debug Contracts|Any CPU
		{4D900C50-EC6F-4056-BC9B-5EABE57FB8D3}.Debug Contracts|Mixed Platforms.ActiveCfg = Debug Contracts|Any CPU
		{4D900C50-EC6F-4056-BC9B-5EABE57FB8D3}.Debug Contracts|Mixed Platforms.Build.0 = Debug Contracts|Any CPU
		{4D900C50-EC6F-4056-BC9B-5EABE57FB8D3}.Debug Contracts|x86.ActiveCfg = Debug Contracts|Any CPU
		{4D900C50-EC6F-4056-BC9B-5EABE57FB8D3}.Debug|Any CPU.ActiveCfg = Debug|Any CPU
		{4D900C50-EC6F-4056-BC9B-5EABE57FB8D3}.Debug|Any CPU.Build.0 = Debug|Any CPU
		{4D900C50-EC6F-4056-BC9B-5EABE57FB8D3}.Debug|Mixed Platforms.ActiveCfg = Debug|Any CPU
		{4D900C50-EC6F-4056-BC9B-5EABE57FB8D3}.Debug|Mixed Platforms.Build.0 = Debug|Any CPU
		{4D900C50-EC6F-4056-BC9B-5EABE57FB8D3}.Debug|x86.ActiveCfg = Debug|Any CPU
		{4D900C50-EC6F-4056-BC9B-5EABE57FB8D3}.Release|Any CPU.ActiveCfg = Release|Any CPU
		{4D900C50-EC6F-4056-BC9B-5EABE57FB8D3}.Release|Any CPU.Build.0 = Release|Any CPU
		{4D900C50-EC6F-4056-BC9B-5EABE57FB8D3}.Release|Mixed Platforms.ActiveCfg = Release|Any CPU
		{4D900C50-EC6F-4056-BC9B-5EABE57FB8D3}.Release|Mixed Platforms.Build.0 = Release|Any CPU
		{4D900C50-EC6F-4056-BC9B-5EABE57FB8D3}.Release|x86.ActiveCfg = Release|Any CPU
		{D124FD1F-E2C3-4AD4-8926-04DC8E585918}.Debug Contracts|Any CPU.ActiveCfg = Debug Contracts|Any CPU
		{D124FD1F-E2C3-4AD4-8926-04DC8E585918}.Debug Contracts|Any CPU.Build.0 = Debug Contracts|Any CPU
		{D124FD1F-E2C3-4AD4-8926-04DC8E585918}.Debug Contracts|Mixed Platforms.ActiveCfg = Debug Contracts|Any CPU
		{D124FD1F-E2C3-4AD4-8926-04DC8E585918}.Debug Contracts|Mixed Platforms.Build.0 = Debug Contracts|Any CPU
		{D124FD1F-E2C3-4AD4-8926-04DC8E585918}.Debug Contracts|x86.ActiveCfg = Debug Contracts|Any CPU
		{D124FD1F-E2C3-4AD4-8926-04DC8E585918}.Debug|Any CPU.ActiveCfg = Debug|Any CPU
		{D124FD1F-E2C3-4AD4-8926-04DC8E585918}.Debug|Any CPU.Build.0 = Debug|Any CPU
		{D124FD1F-E2C3-4AD4-8926-04DC8E585918}.Debug|Mixed Platforms.ActiveCfg = Debug|Any CPU
		{D124FD1F-E2C3-4AD4-8926-04DC8E585918}.Debug|Mixed Platforms.Build.0 = Debug|Any CPU
		{D124FD1F-E2C3-4AD4-8926-04DC8E585918}.Debug|x86.ActiveCfg = Debug|Any CPU
		{D124FD1F-E2C3-4AD4-8926-04DC8E585918}.Release|Any CPU.ActiveCfg = Release|Any CPU
		{D124FD1F-E2C3-4AD4-8926-04DC8E585918}.Release|Any CPU.Build.0 = Release|Any CPU
		{D124FD1F-E2C3-4AD4-8926-04DC8E585918}.Release|Mixed Platforms.ActiveCfg = Release|Any CPU
		{D124FD1F-E2C3-4AD4-8926-04DC8E585918}.Release|Mixed Platforms.Build.0 = Release|Any CPU
		{D124FD1F-E2C3-4AD4-8926-04DC8E585918}.Release|x86.ActiveCfg = Release|Any CPU
		{985A8BE0-9B8C-4DFE-86F6-71E959417432}.Debug Contracts|Any CPU.ActiveCfg = Debug Contracts|Any CPU
		{985A8BE0-9B8C-4DFE-86F6-71E959417432}.Debug Contracts|Any CPU.Build.0 = Debug Contracts|Any CPU
		{985A8BE0-9B8C-4DFE-86F6-71E959417432}.Debug Contracts|Mixed Platforms.ActiveCfg = Debug Contracts|Any CPU
		{985A8BE0-9B8C-4DFE-86F6-71E959417432}.Debug Contracts|Mixed Platforms.Build.0 = Debug Contracts|Any CPU
		{985A8BE0-9B8C-4DFE-86F6-71E959417432}.Debug Contracts|x86.ActiveCfg = Debug Contracts|Any CPU
		{985A8BE0-9B8C-4DFE-86F6-71E959417432}.Debug|Any CPU.ActiveCfg = Debug|Any CPU
		{985A8BE0-9B8C-4DFE-86F6-71E959417432}.Debug|Any CPU.Build.0 = Debug|Any CPU
		{985A8BE0-9B8C-4DFE-86F6-71E959417432}.Debug|Mixed Platforms.ActiveCfg = Debug|Any CPU
		{985A8BE0-9B8C-4DFE-86F6-71E959417432}.Debug|Mixed Platforms.Build.0 = Debug|Any CPU
		{985A8BE0-9B8C-4DFE-86F6-71E959417432}.Debug|x86.ActiveCfg = Debug|Any CPU
		{985A8BE0-9B8C-4DFE-86F6-71E959417432}.Release|Any CPU.ActiveCfg = Release|Any CPU
		{985A8BE0-9B8C-4DFE-86F6-71E959417432}.Release|Any CPU.Build.0 = Release|Any CPU
		{985A8BE0-9B8C-4DFE-86F6-71E959417432}.Release|Mixed Platforms.ActiveCfg = Release|Any CPU
		{985A8BE0-9B8C-4DFE-86F6-71E959417432}.Release|Mixed Platforms.Build.0 = Release|Any CPU
		{985A8BE0-9B8C-4DFE-86F6-71E959417432}.Release|x86.ActiveCfg = Release|Any CPU
		{CD2C29FC-7D93-4EBD-AF64-31601D1F8247}.Debug Contracts|Any CPU.ActiveCfg = Debug Contracts|Any CPU
		{CD2C29FC-7D93-4EBD-AF64-31601D1F8247}.Debug Contracts|Any CPU.Build.0 = Debug Contracts|Any CPU
		{CD2C29FC-7D93-4EBD-AF64-31601D1F8247}.Debug Contracts|Mixed Platforms.ActiveCfg = Debug Contracts|Any CPU
		{CD2C29FC-7D93-4EBD-AF64-31601D1F8247}.Debug Contracts|Mixed Platforms.Build.0 = Debug Contracts|Any CPU
		{CD2C29FC-7D93-4EBD-AF64-31601D1F8247}.Debug Contracts|x86.ActiveCfg = Debug Contracts|Any CPU
		{CD2C29FC-7D93-4EBD-AF64-31601D1F8247}.Debug|Any CPU.ActiveCfg = Debug|Any CPU
		{CD2C29FC-7D93-4EBD-AF64-31601D1F8247}.Debug|Any CPU.Build.0 = Debug|Any CPU
		{CD2C29FC-7D93-4EBD-AF64-31601D1F8247}.Debug|Mixed Platforms.ActiveCfg = Debug|Any CPU
		{CD2C29FC-7D93-4EBD-AF64-31601D1F8247}.Debug|Mixed Platforms.Build.0 = Debug|Any CPU
		{CD2C29FC-7D93-4EBD-AF64-31601D1F8247}.Debug|x86.ActiveCfg = Debug|Any CPU
		{CD2C29FC-7D93-4EBD-AF64-31601D1F8247}.Release|Any CPU.ActiveCfg = Release|Any CPU
		{CD2C29FC-7D93-4EBD-AF64-31601D1F8247}.Release|Any CPU.Build.0 = Release|Any CPU
		{CD2C29FC-7D93-4EBD-AF64-31601D1F8247}.Release|Mixed Platforms.ActiveCfg = Release|Any CPU
		{CD2C29FC-7D93-4EBD-AF64-31601D1F8247}.Release|Mixed Platforms.Build.0 = Release|Any CPU
		{CD2C29FC-7D93-4EBD-AF64-31601D1F8247}.Release|x86.ActiveCfg = Release|Any CPU
		{6E9CA6EA-A776-4EF9-99CB-9DE834DEEDFC}.Debug Contracts|Any CPU.ActiveCfg = Debug Contracts|Any CPU
		{6E9CA6EA-A776-4EF9-99CB-9DE834DEEDFC}.Debug Contracts|Any CPU.Build.0 = Debug Contracts|Any CPU
		{6E9CA6EA-A776-4EF9-99CB-9DE834DEEDFC}.Debug Contracts|Mixed Platforms.ActiveCfg = Debug Contracts|Any CPU
		{6E9CA6EA-A776-4EF9-99CB-9DE834DEEDFC}.Debug Contracts|Mixed Platforms.Build.0 = Debug Contracts|Any CPU
		{6E9CA6EA-A776-4EF9-99CB-9DE834DEEDFC}.Debug Contracts|x86.ActiveCfg = Debug Contracts|Any CPU
		{6E9CA6EA-A776-4EF9-99CB-9DE834DEEDFC}.Debug|Any CPU.ActiveCfg = Debug|Any CPU
		{6E9CA6EA-A776-4EF9-99CB-9DE834DEEDFC}.Debug|Any CPU.Build.0 = Debug|Any CPU
		{6E9CA6EA-A776-4EF9-99CB-9DE834DEEDFC}.Debug|Mixed Platforms.ActiveCfg = Debug|Any CPU
		{6E9CA6EA-A776-4EF9-99CB-9DE834DEEDFC}.Debug|Mixed Platforms.Build.0 = Debug|Any CPU
		{6E9CA6EA-A776-4EF9-99CB-9DE834DEEDFC}.Debug|x86.ActiveCfg = Debug|Any CPU
		{6E9CA6EA-A776-4EF9-99CB-9DE834DEEDFC}.Release|Any CPU.ActiveCfg = Release|Any CPU
		{6E9CA6EA-A776-4EF9-99CB-9DE834DEEDFC}.Release|Any CPU.Build.0 = Release|Any CPU
		{6E9CA6EA-A776-4EF9-99CB-9DE834DEEDFC}.Release|Mixed Platforms.ActiveCfg = Release|Any CPU
		{6E9CA6EA-A776-4EF9-99CB-9DE834DEEDFC}.Release|Mixed Platforms.Build.0 = Release|Any CPU
		{6E9CA6EA-A776-4EF9-99CB-9DE834DEEDFC}.Release|x86.ActiveCfg = Release|Any CPU
		{0DF41A1E-FB82-4EEB-A741-499814F3CCB0}.Debug Contracts|Any CPU.ActiveCfg = Debug Contracts|Any CPU
		{0DF41A1E-FB82-4EEB-A741-499814F3CCB0}.Debug Contracts|Any CPU.Build.0 = Debug Contracts|Any CPU
		{0DF41A1E-FB82-4EEB-A741-499814F3CCB0}.Debug Contracts|Mixed Platforms.ActiveCfg = Debug Contracts|Any CPU
		{0DF41A1E-FB82-4EEB-A741-499814F3CCB0}.Debug Contracts|Mixed Platforms.Build.0 = Debug Contracts|Any CPU
		{0DF41A1E-FB82-4EEB-A741-499814F3CCB0}.Debug Contracts|x86.ActiveCfg = Debug Contracts|Any CPU
		{0DF41A1E-FB82-4EEB-A741-499814F3CCB0}.Debug|Any CPU.ActiveCfg = Debug|Any CPU
		{0DF41A1E-FB82-4EEB-A741-499814F3CCB0}.Debug|Any CPU.Build.0 = Debug|Any CPU
		{0DF41A1E-FB82-4EEB-A741-499814F3CCB0}.Debug|Mixed Platforms.ActiveCfg = Debug|Any CPU
		{0DF41A1E-FB82-4EEB-A741-499814F3CCB0}.Debug|Mixed Platforms.Build.0 = Debug|Any CPU
		{0DF41A1E-FB82-4EEB-A741-499814F3CCB0}.Debug|x86.ActiveCfg = Debug|Any CPU
		{0DF41A1E-FB82-4EEB-A741-499814F3CCB0}.Release|Any CPU.ActiveCfg = Release|Any CPU
		{0DF41A1E-FB82-4EEB-A741-499814F3CCB0}.Release|Any CPU.Build.0 = Release|Any CPU
		{0DF41A1E-FB82-4EEB-A741-499814F3CCB0}.Release|Mixed Platforms.ActiveCfg = Release|Any CPU
		{0DF41A1E-FB82-4EEB-A741-499814F3CCB0}.Release|Mixed Platforms.Build.0 = Release|Any CPU
		{0DF41A1E-FB82-4EEB-A741-499814F3CCB0}.Release|x86.ActiveCfg = Release|Any CPU
		{61670FCA-EC23-462A-9B7B-3A29B4DC52AE}.Debug Contracts|Any CPU.ActiveCfg = Debug Contracts|Any CPU
		{61670FCA-EC23-462A-9B7B-3A29B4DC52AE}.Debug Contracts|Any CPU.Build.0 = Debug Contracts|Any CPU
		{61670FCA-EC23-462A-9B7B-3A29B4DC52AE}.Debug Contracts|Mixed Platforms.ActiveCfg = Debug Contracts|Any CPU
		{61670FCA-EC23-462A-9B7B-3A29B4DC52AE}.Debug Contracts|Mixed Platforms.Build.0 = Debug Contracts|Any CPU
		{61670FCA-EC23-462A-9B7B-3A29B4DC52AE}.Debug Contracts|x86.ActiveCfg = Debug Contracts|Any CPU
		{61670FCA-EC23-462A-9B7B-3A29B4DC52AE}.Debug|Any CPU.ActiveCfg = Debug|Any CPU
		{61670FCA-EC23-462A-9B7B-3A29B4DC52AE}.Debug|Any CPU.Build.0 = Debug|Any CPU
		{61670FCA-EC23-462A-9B7B-3A29B4DC52AE}.Debug|Mixed Platforms.ActiveCfg = Debug|Any CPU
		{61670FCA-EC23-462A-9B7B-3A29B4DC52AE}.Debug|Mixed Platforms.Build.0 = Debug|Any CPU
		{61670FCA-EC23-462A-9B7B-3A29B4DC52AE}.Debug|x86.ActiveCfg = Debug|Any CPU
		{61670FCA-EC23-462A-9B7B-3A29B4DC52AE}.Release|Any CPU.ActiveCfg = Release|Any CPU
		{61670FCA-EC23-462A-9B7B-3A29B4DC52AE}.Release|Any CPU.Build.0 = Release|Any CPU
		{61670FCA-EC23-462A-9B7B-3A29B4DC52AE}.Release|Mixed Platforms.ActiveCfg = Release|Any CPU
		{61670FCA-EC23-462A-9B7B-3A29B4DC52AE}.Release|Mixed Platforms.Build.0 = Release|Any CPU
		{61670FCA-EC23-462A-9B7B-3A29B4DC52AE}.Release|x86.ActiveCfg = Release|Any CPU
		{017AF484-8CC3-479D-B7EE-C35D2CD48EAD}.Debug Contracts|Any CPU.ActiveCfg = Debug Contracts|Any CPU
		{017AF484-8CC3-479D-B7EE-C35D2CD48EAD}.Debug Contracts|Any CPU.Build.0 = Debug Contracts|Any CPU
		{017AF484-8CC3-479D-B7EE-C35D2CD48EAD}.Debug Contracts|Mixed Platforms.ActiveCfg = Debug Contracts|Any CPU
		{017AF484-8CC3-479D-B7EE-C35D2CD48EAD}.Debug Contracts|Mixed Platforms.Build.0 = Debug Contracts|Any CPU
		{017AF484-8CC3-479D-B7EE-C35D2CD48EAD}.Debug Contracts|x86.ActiveCfg = Debug Contracts|Any CPU
		{017AF484-8CC3-479D-B7EE-C35D2CD48EAD}.Debug|Any CPU.ActiveCfg = Debug|Any CPU
		{017AF484-8CC3-479D-B7EE-C35D2CD48EAD}.Debug|Any CPU.Build.0 = Debug|Any CPU
		{017AF484-8CC3-479D-B7EE-C35D2CD48EAD}.Debug|Mixed Platforms.ActiveCfg = Debug|Any CPU
		{017AF484-8CC3-479D-B7EE-C35D2CD48EAD}.Debug|Mixed Platforms.Build.0 = Debug|Any CPU
		{017AF484-8CC3-479D-B7EE-C35D2CD48EAD}.Debug|x86.ActiveCfg = Debug|Any CPU
		{017AF484-8CC3-479D-B7EE-C35D2CD48EAD}.Release|Any CPU.ActiveCfg = Release|Any CPU
		{017AF484-8CC3-479D-B7EE-C35D2CD48EAD}.Release|Any CPU.Build.0 = Release|Any CPU
		{017AF484-8CC3-479D-B7EE-C35D2CD48EAD}.Release|Mixed Platforms.ActiveCfg = Release|Any CPU
		{017AF484-8CC3-479D-B7EE-C35D2CD48EAD}.Release|Mixed Platforms.Build.0 = Release|Any CPU
		{017AF484-8CC3-479D-B7EE-C35D2CD48EAD}.Release|x86.ActiveCfg = Release|Any CPU
		{A86EE3B7-BE08-4636-BE27-CD8F8E7F2B73}.Debug Contracts|Any CPU.ActiveCfg = Debug Contracts|Any CPU
		{A86EE3B7-BE08-4636-BE27-CD8F8E7F2B73}.Debug Contracts|Any CPU.Build.0 = Debug Contracts|Any CPU
		{A86EE3B7-BE08-4636-BE27-CD8F8E7F2B73}.Debug Contracts|Mixed Platforms.ActiveCfg = Debug Contracts|Any CPU
		{A86EE3B7-BE08-4636-BE27-CD8F8E7F2B73}.Debug Contracts|Mixed Platforms.Build.0 = Debug Contracts|Any CPU
		{A86EE3B7-BE08-4636-BE27-CD8F8E7F2B73}.Debug Contracts|x86.ActiveCfg = Debug Contracts|Any CPU
		{A86EE3B7-BE08-4636-BE27-CD8F8E7F2B73}.Debug|Any CPU.ActiveCfg = Debug|Any CPU
		{A86EE3B7-BE08-4636-BE27-CD8F8E7F2B73}.Debug|Any CPU.Build.0 = Debug|Any CPU
		{A86EE3B7-BE08-4636-BE27-CD8F8E7F2B73}.Debug|Mixed Platforms.ActiveCfg = Debug|Any CPU
		{A86EE3B7-BE08-4636-BE27-CD8F8E7F2B73}.Debug|Mixed Platforms.Build.0 = Debug|Any CPU
		{A86EE3B7-BE08-4636-BE27-CD8F8E7F2B73}.Debug|x86.ActiveCfg = Debug|Any CPU
		{A86EE3B7-BE08-4636-BE27-CD8F8E7F2B73}.Release|Any CPU.ActiveCfg = Release|Any CPU
		{A86EE3B7-BE08-4636-BE27-CD8F8E7F2B73}.Release|Any CPU.Build.0 = Release|Any CPU
		{A86EE3B7-BE08-4636-BE27-CD8F8E7F2B73}.Release|Mixed Platforms.ActiveCfg = Release|Any CPU
		{A86EE3B7-BE08-4636-BE27-CD8F8E7F2B73}.Release|Mixed Platforms.Build.0 = Release|Any CPU
		{A86EE3B7-BE08-4636-BE27-CD8F8E7F2B73}.Release|x86.ActiveCfg = Release|Any CPU
		{D05EF9B8-97C9-4F44-BF97-57BCCB23C83C}.Debug Contracts|Any CPU.ActiveCfg = Debug Contracts|Any CPU
		{D05EF9B8-97C9-4F44-BF97-57BCCB23C83C}.Debug Contracts|Any CPU.Build.0 = Debug Contracts|Any CPU
		{D05EF9B8-97C9-4F44-BF97-57BCCB23C83C}.Debug Contracts|Mixed Platforms.ActiveCfg = Debug Contracts|Any CPU
		{D05EF9B8-97C9-4F44-BF97-57BCCB23C83C}.Debug Contracts|Mixed Platforms.Build.0 = Debug Contracts|Any CPU
		{D05EF9B8-97C9-4F44-BF97-57BCCB23C83C}.Debug Contracts|x86.ActiveCfg = Debug Contracts|x86
		{D05EF9B8-97C9-4F44-BF97-57BCCB23C83C}.Debug Contracts|x86.Build.0 = Debug Contracts|x86
		{D05EF9B8-97C9-4F44-BF97-57BCCB23C83C}.Debug|Any CPU.ActiveCfg = Debug|x86
		{D05EF9B8-97C9-4F44-BF97-57BCCB23C83C}.Debug|Mixed Platforms.ActiveCfg = Debug|x86
		{D05EF9B8-97C9-4F44-BF97-57BCCB23C83C}.Debug|Mixed Platforms.Build.0 = Debug|x86
		{D05EF9B8-97C9-4F44-BF97-57BCCB23C83C}.Debug|x86.ActiveCfg = Debug|x86
		{D05EF9B8-97C9-4F44-BF97-57BCCB23C83C}.Debug|x86.Build.0 = Debug|x86
		{D05EF9B8-97C9-4F44-BF97-57BCCB23C83C}.Release|Any CPU.ActiveCfg = Release|x86
		{D05EF9B8-97C9-4F44-BF97-57BCCB23C83C}.Release|Mixed Platforms.ActiveCfg = Release|x86
		{D05EF9B8-97C9-4F44-BF97-57BCCB23C83C}.Release|Mixed Platforms.Build.0 = Release|x86
		{D05EF9B8-97C9-4F44-BF97-57BCCB23C83C}.Release|x86.ActiveCfg = Release|x86
		{D05EF9B8-97C9-4F44-BF97-57BCCB23C83C}.Release|x86.Build.0 = Release|x86
		{02360433-5C2B-42FA-BD9D-76189AB4596A}.Debug Contracts|Any CPU.ActiveCfg = Debug Contracts|Any CPU
		{02360433-5C2B-42FA-BD9D-76189AB4596A}.Debug Contracts|Any CPU.Build.0 = Debug Contracts|Any CPU
		{02360433-5C2B-42FA-BD9D-76189AB4596A}.Debug Contracts|Mixed Platforms.ActiveCfg = Debug Contracts|Any CPU
		{02360433-5C2B-42FA-BD9D-76189AB4596A}.Debug Contracts|Mixed Platforms.Build.0 = Debug Contracts|Any CPU
		{02360433-5C2B-42FA-BD9D-76189AB4596A}.Debug Contracts|x86.ActiveCfg = Debug Contracts|x86
		{02360433-5C2B-42FA-BD9D-76189AB4596A}.Debug Contracts|x86.Build.0 = Debug Contracts|x86
		{02360433-5C2B-42FA-BD9D-76189AB4596A}.Debug|Any CPU.ActiveCfg = Debug|x86
		{02360433-5C2B-42FA-BD9D-76189AB4596A}.Debug|Mixed Platforms.ActiveCfg = Debug|x86
		{02360433-5C2B-42FA-BD9D-76189AB4596A}.Debug|Mixed Platforms.Build.0 = Debug|x86
		{02360433-5C2B-42FA-BD9D-76189AB4596A}.Debug|x86.ActiveCfg = Debug|x86
		{02360433-5C2B-42FA-BD9D-76189AB4596A}.Debug|x86.Build.0 = Debug|x86
		{02360433-5C2B-42FA-BD9D-76189AB4596A}.Release|Any CPU.ActiveCfg = Release|x86
		{02360433-5C2B-42FA-BD9D-76189AB4596A}.Release|Mixed Platforms.ActiveCfg = Release|x86
		{02360433-5C2B-42FA-BD9D-76189AB4596A}.Release|Mixed Platforms.Build.0 = Release|x86
		{02360433-5C2B-42FA-BD9D-76189AB4596A}.Release|x86.ActiveCfg = Release|x86
		{02360433-5C2B-42FA-BD9D-76189AB4596A}.Release|x86.Build.0 = Release|x86
		{1F33CBB1-7F85-407E-8DE1-EE5E932B9FA4}.Debug Contracts|Any CPU.ActiveCfg = Debug Contracts|Any CPU
		{1F33CBB1-7F85-407E-8DE1-EE5E932B9FA4}.Debug Contracts|Any CPU.Build.0 = Debug Contracts|Any CPU
		{1F33CBB1-7F85-407E-8DE1-EE5E932B9FA4}.Debug Contracts|Mixed Platforms.ActiveCfg = Debug Contracts|Any CPU
		{1F33CBB1-7F85-407E-8DE1-EE5E932B9FA4}.Debug Contracts|Mixed Platforms.Build.0 = Debug Contracts|Any CPU
		{1F33CBB1-7F85-407E-8DE1-EE5E932B9FA4}.Debug Contracts|x86.ActiveCfg = Debug Contracts|x86
		{1F33CBB1-7F85-407E-8DE1-EE5E932B9FA4}.Debug Contracts|x86.Build.0 = Debug Contracts|x86
		{1F33CBB1-7F85-407E-8DE1-EE5E932B9FA4}.Debug|Any CPU.ActiveCfg = Debug|x86
		{1F33CBB1-7F85-407E-8DE1-EE5E932B9FA4}.Debug|Mixed Platforms.ActiveCfg = Debug|x86
		{1F33CBB1-7F85-407E-8DE1-EE5E932B9FA4}.Debug|Mixed Platforms.Build.0 = Debug|x86
		{1F33CBB1-7F85-407E-8DE1-EE5E932B9FA4}.Debug|x86.ActiveCfg = Debug|x86
		{1F33CBB1-7F85-407E-8DE1-EE5E932B9FA4}.Debug|x86.Build.0 = Debug|x86
		{1F33CBB1-7F85-407E-8DE1-EE5E932B9FA4}.Release|Any CPU.ActiveCfg = Release|x86
		{1F33CBB1-7F85-407E-8DE1-EE5E932B9FA4}.Release|Mixed Platforms.ActiveCfg = Release|x86
		{1F33CBB1-7F85-407E-8DE1-EE5E932B9FA4}.Release|Mixed Platforms.Build.0 = Release|x86
		{1F33CBB1-7F85-407E-8DE1-EE5E932B9FA4}.Release|x86.ActiveCfg = Release|x86
		{1F33CBB1-7F85-407E-8DE1-EE5E932B9FA4}.Release|x86.Build.0 = Release|x86
		{A04F5C77-9387-4C48-8BD7-4BE67CF9798B}.Debug Contracts|Any CPU.ActiveCfg = Debug Contracts|Any CPU
		{A04F5C77-9387-4C48-8BD7-4BE67CF9798B}.Debug Contracts|Any CPU.Build.0 = Debug Contracts|Any CPU
		{A04F5C77-9387-4C48-8BD7-4BE67CF9798B}.Debug Contracts|Mixed Platforms.ActiveCfg = Debug Contracts|Any CPU
		{A04F5C77-9387-4C48-8BD7-4BE67CF9798B}.Debug Contracts|Mixed Platforms.Build.0 = Debug Contracts|Any CPU
		{A04F5C77-9387-4C48-8BD7-4BE67CF9798B}.Debug Contracts|x86.ActiveCfg = Debug Contracts|x86
		{A04F5C77-9387-4C48-8BD7-4BE67CF9798B}.Debug Contracts|x86.Build.0 = Debug Contracts|x86
		{A04F5C77-9387-4C48-8BD7-4BE67CF9798B}.Debug|Any CPU.ActiveCfg = Debug|x86
		{A04F5C77-9387-4C48-8BD7-4BE67CF9798B}.Debug|Mixed Platforms.ActiveCfg = Debug|x86
		{A04F5C77-9387-4C48-8BD7-4BE67CF9798B}.Debug|Mixed Platforms.Build.0 = Debug|x86
		{A04F5C77-9387-4C48-8BD7-4BE67CF9798B}.Debug|x86.ActiveCfg = Debug|x86
		{A04F5C77-9387-4C48-8BD7-4BE67CF9798B}.Debug|x86.Build.0 = Debug|x86
		{A04F5C77-9387-4C48-8BD7-4BE67CF9798B}.Release|Any CPU.ActiveCfg = Release|x86
		{A04F5C77-9387-4C48-8BD7-4BE67CF9798B}.Release|Mixed Platforms.ActiveCfg = Release|x86
		{A04F5C77-9387-4C48-8BD7-4BE67CF9798B}.Release|Mixed Platforms.Build.0 = Release|x86
		{A04F5C77-9387-4C48-8BD7-4BE67CF9798B}.Release|x86.ActiveCfg = Release|x86
		{A04F5C77-9387-4C48-8BD7-4BE67CF9798B}.Release|x86.Build.0 = Release|x86
		{BC81735D-FF53-4995-97ED-2EC93366BAA6}.Debug Contracts|Any CPU.ActiveCfg = Debug Contracts|Any CPU
		{BC81735D-FF53-4995-97ED-2EC93366BAA6}.Debug Contracts|Any CPU.Build.0 = Debug Contracts|Any CPU
		{BC81735D-FF53-4995-97ED-2EC93366BAA6}.Debug Contracts|Mixed Platforms.ActiveCfg = Debug Contracts|Any CPU
		{BC81735D-FF53-4995-97ED-2EC93366BAA6}.Debug Contracts|Mixed Platforms.Build.0 = Debug Contracts|Any CPU
		{BC81735D-FF53-4995-97ED-2EC93366BAA6}.Debug Contracts|x86.ActiveCfg = Debug Contracts|Any CPU
		{BC81735D-FF53-4995-97ED-2EC93366BAA6}.Debug|Any CPU.ActiveCfg = Debug|Any CPU
		{BC81735D-FF53-4995-97ED-2EC93366BAA6}.Debug|Any CPU.Build.0 = Debug|Any CPU
		{BC81735D-FF53-4995-97ED-2EC93366BAA6}.Debug|Mixed Platforms.ActiveCfg = Debug|Any CPU
		{BC81735D-FF53-4995-97ED-2EC93366BAA6}.Debug|Mixed Platforms.Build.0 = Debug|Any CPU
		{BC81735D-FF53-4995-97ED-2EC93366BAA6}.Debug|x86.ActiveCfg = Debug|Any CPU
		{BC81735D-FF53-4995-97ED-2EC93366BAA6}.Release|Any CPU.ActiveCfg = Release|Any CPU
		{BC81735D-FF53-4995-97ED-2EC93366BAA6}.Release|Any CPU.Build.0 = Release|Any CPU
		{BC81735D-FF53-4995-97ED-2EC93366BAA6}.Release|Mixed Platforms.ActiveCfg = Release|Any CPU
		{BC81735D-FF53-4995-97ED-2EC93366BAA6}.Release|Mixed Platforms.Build.0 = Release|Any CPU
		{BC81735D-FF53-4995-97ED-2EC93366BAA6}.Release|x86.ActiveCfg = Release|Any CPU
		{8FEE8F7A-A1EE-4477-B61E-0AE0EB7C23C7}.Debug Contracts|Any CPU.ActiveCfg = Debug Contracts|Any CPU
		{8FEE8F7A-A1EE-4477-B61E-0AE0EB7C23C7}.Debug Contracts|Any CPU.Build.0 = Debug Contracts|Any CPU
		{8FEE8F7A-A1EE-4477-B61E-0AE0EB7C23C7}.Debug Contracts|Mixed Platforms.ActiveCfg = Debug Contracts|Any CPU
		{8FEE8F7A-A1EE-4477-B61E-0AE0EB7C23C7}.Debug Contracts|Mixed Platforms.Build.0 = Debug Contracts|Any CPU
		{8FEE8F7A-A1EE-4477-B61E-0AE0EB7C23C7}.Debug Contracts|x86.ActiveCfg = Debug Contracts|Any CPU
		{8FEE8F7A-A1EE-4477-B61E-0AE0EB7C23C7}.Debug|Any CPU.ActiveCfg = Debug|Any CPU
		{8FEE8F7A-A1EE-4477-B61E-0AE0EB7C23C7}.Debug|Any CPU.Build.0 = Debug|Any CPU
		{8FEE8F7A-A1EE-4477-B61E-0AE0EB7C23C7}.Debug|Mixed Platforms.ActiveCfg = Debug|Any CPU
		{8FEE8F7A-A1EE-4477-B61E-0AE0EB7C23C7}.Debug|Mixed Platforms.Build.0 = Debug|Any CPU
		{8FEE8F7A-A1EE-4477-B61E-0AE0EB7C23C7}.Debug|x86.ActiveCfg = Debug|Any CPU
		{8FEE8F7A-A1EE-4477-B61E-0AE0EB7C23C7}.Release|Any CPU.ActiveCfg = Release|Any CPU
		{8FEE8F7A-A1EE-4477-B61E-0AE0EB7C23C7}.Release|Any CPU.Build.0 = Release|Any CPU
		{8FEE8F7A-A1EE-4477-B61E-0AE0EB7C23C7}.Release|Mixed Platforms.ActiveCfg = Release|Any CPU
		{8FEE8F7A-A1EE-4477-B61E-0AE0EB7C23C7}.Release|Mixed Platforms.Build.0 = Release|Any CPU
		{8FEE8F7A-A1EE-4477-B61E-0AE0EB7C23C7}.Release|x86.ActiveCfg = Release|Any CPU
		{55DE8D86-3229-4385-BFE0-85C1B9A673EC}.Debug Contracts|Any CPU.ActiveCfg = Debug Contracts|Any CPU
		{55DE8D86-3229-4385-BFE0-85C1B9A673EC}.Debug Contracts|Any CPU.Build.0 = Debug Contracts|Any CPU
		{55DE8D86-3229-4385-BFE0-85C1B9A673EC}.Debug Contracts|Mixed Platforms.ActiveCfg = Debug Contracts|Any CPU
		{55DE8D86-3229-4385-BFE0-85C1B9A673EC}.Debug Contracts|Mixed Platforms.Build.0 = Debug Contracts|Any CPU
		{55DE8D86-3229-4385-BFE0-85C1B9A673EC}.Debug Contracts|x86.ActiveCfg = Debug Contracts|Any CPU
		{55DE8D86-3229-4385-BFE0-85C1B9A673EC}.Debug|Any CPU.ActiveCfg = Debug|Any CPU
		{55DE8D86-3229-4385-BFE0-85C1B9A673EC}.Debug|Any CPU.Build.0 = Debug|Any CPU
		{55DE8D86-3229-4385-BFE0-85C1B9A673EC}.Debug|Mixed Platforms.ActiveCfg = Debug|Any CPU
		{55DE8D86-3229-4385-BFE0-85C1B9A673EC}.Debug|Mixed Platforms.Build.0 = Debug|Any CPU
		{55DE8D86-3229-4385-BFE0-85C1B9A673EC}.Debug|x86.ActiveCfg = Debug|Any CPU
		{55DE8D86-3229-4385-BFE0-85C1B9A673EC}.Release|Any CPU.ActiveCfg = Release|Any CPU
		{55DE8D86-3229-4385-BFE0-85C1B9A673EC}.Release|Any CPU.Build.0 = Release|Any CPU
		{55DE8D86-3229-4385-BFE0-85C1B9A673EC}.Release|Mixed Platforms.ActiveCfg = Release|Any CPU
		{55DE8D86-3229-4385-BFE0-85C1B9A673EC}.Release|Mixed Platforms.Build.0 = Release|Any CPU
		{55DE8D86-3229-4385-BFE0-85C1B9A673EC}.Release|x86.ActiveCfg = Release|Any CPU
		{A3E25409-5C8D-4BF8-97CC-A8FDB5014E04}.Debug Contracts|Any CPU.ActiveCfg = Debug Contracts|Any CPU
		{A3E25409-5C8D-4BF8-97CC-A8FDB5014E04}.Debug Contracts|Any CPU.Build.0 = Debug Contracts|Any CPU
		{A3E25409-5C8D-4BF8-97CC-A8FDB5014E04}.Debug Contracts|Mixed Platforms.ActiveCfg = Debug Contracts|Any CPU
		{A3E25409-5C8D-4BF8-97CC-A8FDB5014E04}.Debug Contracts|Mixed Platforms.Build.0 = Debug Contracts|Any CPU
		{A3E25409-5C8D-4BF8-97CC-A8FDB5014E04}.Debug Contracts|x86.ActiveCfg = Debug Contracts|Any CPU
		{A3E25409-5C8D-4BF8-97CC-A8FDB5014E04}.Debug|Any CPU.ActiveCfg = Debug|Any CPU
		{A3E25409-5C8D-4BF8-97CC-A8FDB5014E04}.Debug|Any CPU.Build.0 = Debug|Any CPU
		{A3E25409-5C8D-4BF8-97CC-A8FDB5014E04}.Debug|Mixed Platforms.ActiveCfg = Debug|Any CPU
		{A3E25409-5C8D-4BF8-97CC-A8FDB5014E04}.Debug|Mixed Platforms.Build.0 = Debug|Any CPU
		{A3E25409-5C8D-4BF8-97CC-A8FDB5014E04}.Debug|x86.ActiveCfg = Debug|Any CPU
		{A3E25409-5C8D-4BF8-97CC-A8FDB5014E04}.Release|Any CPU.ActiveCfg = Release|Any CPU
		{A3E25409-5C8D-4BF8-97CC-A8FDB5014E04}.Release|Any CPU.Build.0 = Release|Any CPU
		{A3E25409-5C8D-4BF8-97CC-A8FDB5014E04}.Release|Mixed Platforms.ActiveCfg = Release|Any CPU
		{A3E25409-5C8D-4BF8-97CC-A8FDB5014E04}.Release|Mixed Platforms.Build.0 = Release|Any CPU
		{A3E25409-5C8D-4BF8-97CC-A8FDB5014E04}.Release|x86.ActiveCfg = Release|Any CPU
		{1BA4C6EE-1D8A-4905-8593-D5EF97D61A88}.Debug Contracts|Any CPU.ActiveCfg = Debug|x86
		{1BA4C6EE-1D8A-4905-8593-D5EF97D61A88}.Debug Contracts|Mixed Platforms.ActiveCfg = Debug|x86
		{1BA4C6EE-1D8A-4905-8593-D5EF97D61A88}.Debug Contracts|Mixed Platforms.Build.0 = Debug|x86
		{1BA4C6EE-1D8A-4905-8593-D5EF97D61A88}.Debug Contracts|x86.ActiveCfg = Debug|x86
		{1BA4C6EE-1D8A-4905-8593-D5EF97D61A88}.Debug Contracts|x86.Build.0 = Debug|x86
		{1BA4C6EE-1D8A-4905-8593-D5EF97D61A88}.Debug|Any CPU.ActiveCfg = Debug|x86
		{1BA4C6EE-1D8A-4905-8593-D5EF97D61A88}.Debug|Mixed Platforms.ActiveCfg = Debug|x86
		{1BA4C6EE-1D8A-4905-8593-D5EF97D61A88}.Debug|Mixed Platforms.Build.0 = Debug|x86
		{1BA4C6EE-1D8A-4905-8593-D5EF97D61A88}.Debug|x86.ActiveCfg = Debug|x86
		{1BA4C6EE-1D8A-4905-8593-D5EF97D61A88}.Debug|x86.Build.0 = Debug|x86
		{1BA4C6EE-1D8A-4905-8593-D5EF97D61A88}.Release|Any CPU.ActiveCfg = Release|x86
		{1BA4C6EE-1D8A-4905-8593-D5EF97D61A88}.Release|Mixed Platforms.ActiveCfg = Release|x86
		{1BA4C6EE-1D8A-4905-8593-D5EF97D61A88}.Release|Mixed Platforms.Build.0 = Release|x86
		{1BA4C6EE-1D8A-4905-8593-D5EF97D61A88}.Release|x86.ActiveCfg = Release|x86
		{1BA4C6EE-1D8A-4905-8593-D5EF97D61A88}.Release|x86.Build.0 = Release|x86
		{04A9FDE8-88B7-4B99-ABDE-8B1E1358D6FB}.Debug Contracts|Any CPU.ActiveCfg = Debug Contracts|x86
		{04A9FDE8-88B7-4B99-ABDE-8B1E1358D6FB}.Debug Contracts|Mixed Platforms.ActiveCfg = Debug Contracts|x86
		{04A9FDE8-88B7-4B99-ABDE-8B1E1358D6FB}.Debug Contracts|Mixed Platforms.Build.0 = Debug Contracts|x86
		{04A9FDE8-88B7-4B99-ABDE-8B1E1358D6FB}.Debug Contracts|x86.ActiveCfg = Debug Contracts|x86
		{04A9FDE8-88B7-4B99-ABDE-8B1E1358D6FB}.Debug Contracts|x86.Build.0 = Debug Contracts|x86
		{04A9FDE8-88B7-4B99-ABDE-8B1E1358D6FB}.Debug|Any CPU.ActiveCfg = Debug|x86
		{04A9FDE8-88B7-4B99-ABDE-8B1E1358D6FB}.Debug|Mixed Platforms.ActiveCfg = Debug|x86
		{04A9FDE8-88B7-4B99-ABDE-8B1E1358D6FB}.Debug|Mixed Platforms.Build.0 = Debug|x86
		{04A9FDE8-88B7-4B99-ABDE-8B1E1358D6FB}.Debug|x86.ActiveCfg = Debug|x86
		{04A9FDE8-88B7-4B99-ABDE-8B1E1358D6FB}.Debug|x86.Build.0 = Debug|x86
		{04A9FDE8-88B7-4B99-ABDE-8B1E1358D6FB}.Release|Any CPU.ActiveCfg = Release|x86
		{04A9FDE8-88B7-4B99-ABDE-8B1E1358D6FB}.Release|Mixed Platforms.ActiveCfg = Release|x86
		{04A9FDE8-88B7-4B99-ABDE-8B1E1358D6FB}.Release|Mixed Platforms.Build.0 = Release|x86
		{04A9FDE8-88B7-4B99-ABDE-8B1E1358D6FB}.Release|x86.ActiveCfg = Release|x86
		{04A9FDE8-88B7-4B99-ABDE-8B1E1358D6FB}.Release|x86.Build.0 = Release|x86
		{98EC024C-6439-44B1-8B1E-29E457B2201F}.Debug Contracts|Any CPU.ActiveCfg = Debug|Any CPU
		{98EC024C-6439-44B1-8B1E-29E457B2201F}.Debug Contracts|Any CPU.Build.0 = Debug|Any CPU
		{98EC024C-6439-44B1-8B1E-29E457B2201F}.Debug Contracts|Mixed Platforms.ActiveCfg = Debug|Any CPU
		{98EC024C-6439-44B1-8B1E-29E457B2201F}.Debug Contracts|Mixed Platforms.Build.0 = Debug|Any CPU
		{98EC024C-6439-44B1-8B1E-29E457B2201F}.Debug Contracts|x86.ActiveCfg = Debug|Any CPU
		{98EC024C-6439-44B1-8B1E-29E457B2201F}.Debug|Any CPU.ActiveCfg = Debug|Any CPU
		{98EC024C-6439-44B1-8B1E-29E457B2201F}.Debug|Any CPU.Build.0 = Debug|Any CPU
		{98EC024C-6439-44B1-8B1E-29E457B2201F}.Debug|Mixed Platforms.ActiveCfg = Debug|Any CPU
		{98EC024C-6439-44B1-8B1E-29E457B2201F}.Debug|Mixed Platforms.Build.0 = Debug|Any CPU
		{98EC024C-6439-44B1-8B1E-29E457B2201F}.Debug|x86.ActiveCfg = Debug|Any CPU
		{98EC024C-6439-44B1-8B1E-29E457B2201F}.Release|Any CPU.ActiveCfg = Release|Any CPU
		{98EC024C-6439-44B1-8B1E-29E457B2201F}.Release|Any CPU.Build.0 = Release|Any CPU
		{98EC024C-6439-44B1-8B1E-29E457B2201F}.Release|Mixed Platforms.ActiveCfg = Release|Any CPU
		{98EC024C-6439-44B1-8B1E-29E457B2201F}.Release|Mixed Platforms.Build.0 = Release|Any CPU
		{98EC024C-6439-44B1-8B1E-29E457B2201F}.Release|x86.ActiveCfg = Release|Any CPU
		{84084743-00D5-4E80-B0AB-88B5FA01CDD7}.Debug Contracts|Any CPU.ActiveCfg = Debug|Any CPU
		{84084743-00D5-4E80-B0AB-88B5FA01CDD7}.Debug Contracts|Any CPU.Build.0 = Debug|Any CPU
		{84084743-00D5-4E80-B0AB-88B5FA01CDD7}.Debug Contracts|Mixed Platforms.ActiveCfg = Debug|Any CPU
		{84084743-00D5-4E80-B0AB-88B5FA01CDD7}.Debug Contracts|Mixed Platforms.Build.0 = Debug|Any CPU
		{84084743-00D5-4E80-B0AB-88B5FA01CDD7}.Debug Contracts|x86.ActiveCfg = Debug|Any CPU
		{84084743-00D5-4E80-B0AB-88B5FA01CDD7}.Debug|Any CPU.ActiveCfg = Debug|Any CPU
		{84084743-00D5-4E80-B0AB-88B5FA01CDD7}.Debug|Any CPU.Build.0 = Debug|Any CPU
		{84084743-00D5-4E80-B0AB-88B5FA01CDD7}.Debug|Mixed Platforms.ActiveCfg = Debug|Any CPU
		{84084743-00D5-4E80-B0AB-88B5FA01CDD7}.Debug|Mixed Platforms.Build.0 = Debug|Any CPU
		{84084743-00D5-4E80-B0AB-88B5FA01CDD7}.Debug|x86.ActiveCfg = Debug|Any CPU
		{84084743-00D5-4E80-B0AB-88B5FA01CDD7}.Release|Any CPU.ActiveCfg = Release|Any CPU
		{84084743-00D5-4E80-B0AB-88B5FA01CDD7}.Release|Any CPU.Build.0 = Release|Any CPU
		{84084743-00D5-4E80-B0AB-88B5FA01CDD7}.Release|Mixed Platforms.ActiveCfg = Release|Any CPU
		{84084743-00D5-4E80-B0AB-88B5FA01CDD7}.Release|Mixed Platforms.Build.0 = Release|Any CPU
		{84084743-00D5-4E80-B0AB-88B5FA01CDD7}.Release|x86.ActiveCfg = Release|Any CPU
	EndGlobalSection
	GlobalSection(SolutionProperties) = preSolution
		HideSolutionNode = FALSE
	EndGlobalSection
	GlobalSection(NestedProjects) = preSolution
		{7CE3D194-93D5-49F4-8E23-1CBE0C36BBF1} = {941FBA67-99CE-439E-8E34-D2DEA8E25CE0}
		{02360433-5C2B-42FA-BD9D-76189AB4596A} = {941FBA67-99CE-439E-8E34-D2DEA8E25CE0}
		{1F33CBB1-7F85-407E-8DE1-EE5E932B9FA4} = {941FBA67-99CE-439E-8E34-D2DEA8E25CE0}
		{A3E25409-5C8D-4BF8-97CC-A8FDB5014E04} = {941FBA67-99CE-439E-8E34-D2DEA8E25CE0}
		{1BA4C6EE-1D8A-4905-8593-D5EF97D61A88} = {941FBA67-99CE-439E-8E34-D2DEA8E25CE0}
		{04A9FDE8-88B7-4B99-ABDE-8B1E1358D6FB} = {941FBA67-99CE-439E-8E34-D2DEA8E25CE0}
		{E8E1B608-FC2F-4263-8194-81B63F69F408} = {941FBA67-99CE-439E-8E34-D2DEA8E25CE0}
		{D0F53224-D809-4AC0-A7BB-7482CBAD4810} = {7CE3D194-93D5-49F4-8E23-1CBE0C36BBF1}
		{A04F5C77-9387-4C48-8BD7-4BE67CF9798B} = {7CE3D194-93D5-49F4-8E23-1CBE0C36BBF1}
		{04608542-FACF-4DD8-82F3-D25EB590794A} = {2FEC5E3A-E61C-44BE-9C4D-EE92CEEA19C6}
		{D124FD1F-E2C3-4AD4-8926-04DC8E585918} = {2FEC5E3A-E61C-44BE-9C4D-EE92CEEA19C6}
		{D05EF9B8-97C9-4F44-BF97-57BCCB23C83C} = {2FEC5E3A-E61C-44BE-9C4D-EE92CEEA19C6}
		{6E9CA6EA-A776-4EF9-99CB-9DE834DEEDFC} = {04608542-FACF-4DD8-82F3-D25EB590794A}
		{0DF41A1E-FB82-4EEB-A741-499814F3CCB0} = {04608542-FACF-4DD8-82F3-D25EB590794A}
		{61670FCA-EC23-462A-9B7B-3A29B4DC52AE} = {04608542-FACF-4DD8-82F3-D25EB590794A}
		{017AF484-8CC3-479D-B7EE-C35D2CD48EAD} = {04608542-FACF-4DD8-82F3-D25EB590794A}
		{A86EE3B7-BE08-4636-BE27-CD8F8E7F2B73} = {04608542-FACF-4DD8-82F3-D25EB590794A}
		{8FEE8F7A-A1EE-4477-B61E-0AE0EB7C23C7} = {04608542-FACF-4DD8-82F3-D25EB590794A}
		{55DE8D86-3229-4385-BFE0-85C1B9A673EC} = {04608542-FACF-4DD8-82F3-D25EB590794A}
		{4D900C50-EC6F-4056-BC9B-5EABE57FB8D3} = {2488D6F2-61FB-4A87-8521-4A5610DCE23A}
		{BC81735D-FF53-4995-97ED-2EC93366BAA6} = {E240697D-6356-4EF2-8EE1-0F5BAC2B8940}
		{FFB449D7-F2AB-47D6-A41A-BE97E55C4BB9} = {E8E1B608-FC2F-4263-8194-81B63F69F408}
		{98EC024C-6439-44B1-8B1E-29E457B2201F} = {FFB449D7-F2AB-47D6-A41A-BE97E55C4BB9}
		{84084743-00D5-4E80-B0AB-88B5FA01CDD7} = {FFB449D7-F2AB-47D6-A41A-BE97E55C4BB9}
	EndGlobalSection
EndGlobal
